{
  "version": 4,
  "terraform_version": "1.7.3",
  "serial": 56,
  "lineage": "41fab3e5-67c5-2f0f-3087-b4b065e91e46",
  "outputs": {},
  "resources": [
    {
      "mode": "managed",
      "type": "linode_firewall",
      "name": "my_firewall",
      "provider": "provider[\"registry.terraform.io/linode/linode\"]",
      "instances": [
        {
          "schema_version": 0,
          "attributes": {
            "devices": [
              {
                "entity_id": 54728024,
                "id": 749102,
                "label": "Pre-Prod_database",
                "type": "linode",
                "url": "/v4/linode/instances/54728024"
              }
            ],
            "disabled": false,
            "id": "343609",
            "inbound": [
              {
                "action": "ACCEPT",
                "ipv4": [
                  "0.0.0.0/0"
                ],
                "ipv6": [
                  "::/0"
                ],
                "label": "allow-http",
                "ports": "80",
                "protocol": "TCP"
              },
              {
                "action": "ACCEPT",
                "ipv4": [
                  "0.0.0.0/0"
                ],
                "ipv6": [
                  "::/0"
                ],
                "label": "allow-https",
                "ports": "443",
                "protocol": "TCP"
              },
              {
                "action": "ACCEPT",
                "ipv4": [
                  "0.0.0.0/0"
                ],
                "ipv6": [
                  "::/0"
                ],
                "label": "allow-ssh",
                "ports": "22",
                "protocol": "TCP"
              }
            ],
            "inbound_policy": "DROP",
            "label": "pre-prod-firewall",
            "linodes": [
              54728024
            ],
            "outbound": [
              {
                "action": "ACCEPT",
                "ipv4": [
                  "0.0.0.0/0"
                ],
                "ipv6": [
                  "::/0"
                ],
                "label": "accept-http",
                "ports": "80",
                "protocol": "TCP"
              },
              {
                "action": "ACCEPT",
                "ipv4": [
                  "0.0.0.0/0"
                ],
                "ipv6": [
                  "::/0"
                ],
                "label": "accept-https",
                "ports": "443",
                "protocol": "TCP"
              },
              {
                "action": "ACCEPT",
                "ipv4": [
                  "0.0.0.0/0"
                ],
                "ipv6": [
                  "::/0"
                ],
                "label": "accept-ssh",
                "ports": "22",
                "protocol": "TCP"
              },
              {
                "action": "ACCEPT",
                "ipv4": [
                  "0.0.0.0/0"
                ],
                "ipv6": [
                  "::/0"
                ],
                "label": "accept-udp",
                "ports": "53",
                "protocol": "UDP"
              },
              {
                "action": "ACCEPT",
                "ipv4": [
                  "0.0.0.0/0"
                ],
                "ipv6": [
                  "::/0"
                ],
                "label": "accept-mongodb",
                "ports": "27017",
                "protocol": "TCP"
              }
            ],
            "outbound_policy": "DROP",
            "status": "enabled",
            "tags": null
          },
          "sensitive_attributes": [],
          "private": "bnVsbA==",
          "dependencies": [
            "linode_instance.Pre-Prod_database"
          ]
        }
      ]
    },
    {
      "mode": "managed",
      "type": "linode_instance",
      "name": "Pre-Prod_database",
      "provider": "provider[\"registry.terraform.io/linode/linode\"]",
      "instances": [
        {
          "schema_version": 0,
          "attributes": {
            "alerts": [
              {
                "cpu": 90,
                "io": 10000,
                "network_in": 10,
                "network_out": 10,
                "transfer_quota": 80
              }
            ],
            "authorized_keys": null,
            "authorized_users": [
              "ObadaHaddad"
            ],
            "backup_id": null,
            "backups": [
              {
                "enabled": false,
                "schedule": [
                  {
                    "day": "",
                    "window": ""
                  }
                ]
              }
            ],
            "backups_enabled": false,
            "boot_config_label": "My Debian 12 Disk Profile",
            "config": [
              {
                "comments": "",
                "devices": [
                  {
                    "sda": [
                      {
                        "disk_id": 108366920,
                        "disk_label": "Debian 12 Disk",
                        "volume_id": 0
                      }
                    ],
                    "sdb": [
                      {
                        "disk_id": 108366921,
                        "disk_label": "512 MB Swap Image",
                        "volume_id": 0
                      }
                    ],
                    "sdc": [],
                    "sdd": [],
                    "sde": [],
                    "sdf": [],
                    "sdg": [],
                    "sdh": []
                  }
                ],
                "helpers": [
                  {
                    "devtmpfs_automount": true,
                    "distro": true,
                    "modules_dep": true,
                    "network": true,
                    "updatedb_disabled": true
                  }
                ],
                "interface": [],
                "kernel": "linode/grub2",
                "label": "My Debian 12 Disk Profile",
                "memory_limit": 0,
                "root_device": "/dev/sda",
                "run_level": "default",
                "virt_mode": "paravirt"
              }
            ],
            "disk": [
              {
                "authorized_keys": [],
                "authorized_users": [],
                "filesystem": "ext4",
                "id": 108366920,
                "image": "",
                "label": "Debian 12 Disk",
                "read_only": false,
                "root_pass": "",
                "size": 25088,
                "stackscript_data": {},
                "stackscript_id": 0
              },
              {
                "authorized_keys": [],
                "authorized_users": [],
                "filesystem": "swap",
                "id": 108366921,
                "image": "",
                "label": "512 MB Swap Image",
                "read_only": false,
                "root_pass": "",
                "size": 512,
                "stackscript_data": {},
                "stackscript_id": 0
              }
            ],
            "group": "",
            "id": "54728024",
            "image": "linode/debian12",
            "interface": [],
            "ip_address": "172.104.153.34",
            "ipv4": [
              "172.104.153.34"
            ],
            "ipv6": "2a01:7e01::f03c:94ff:feb4:f471/128",
            "label": "Pre-Prod_database",
            "private_ip": false,
            "private_ip_address": null,
            "region": "eu-central",
            "root_pass": "i9idGFzKg5IyLsMF0ASx4Ov8t/WGwp1V0CYoRe4W/giuCjtQSxgYun1tjVuu95iH2tYPBzj/Xsr378sKINcRCQ==",
            "specs": [
              {
                "disk": 25600,
                "memory": 1024,
                "transfer": 1000,
                "vcpus": 1
              }
            ],
            "stackscript_data": null,
            "stackscript_id": null,
            "status": "running",
            "swap_size": 512,
            "tags": null,
            "timeouts": null,
            "type": "g6-nanode-1",
            "watchdog_enabled": true
          },
          "sensitive_attributes": [],
          "private": "eyJlMmJmYjczMC1lY2FhLTExZTYtOGY4OC0zNDM2M2JjN2M0YzAiOnsiY3JlYXRlIjo2MDAwMDAwMDAwMDAsImRlbGV0ZSI6NjAwMDAwMDAwMDAwLCJ1cGRhdGUiOjEyMDAwMDAwMDAwMDB9fQ=="
        }
      ]
    },
    {
      "mode": "managed",
      "type": "local_file",
      "name": "file",
      "provider": "provider[\"registry.terraform.io/hashicorp/local\"]",
      "instances": [
        {
          "schema_version": 0,
          "attributes": {
            "content": "\r\n[Pre-Prod_database]\r\n172.104.153.34\r\n\r\n",
            "content_base64": null,
            "content_base64sha256": "Q69lLACYmzFCEl4f3z8sMxQZtkX/ct88KvooVU9qCmo=",
            "content_base64sha512": "dvTOdT3P3U2/4ZRGZmP8C8IiBTfQeWxVzCTIcktsUzP0Do2B6K/ydZlPI5GtKvw5iTehqTNKYTlQKqaa0Zq4Kw==",
            "content_md5": "64d9603c720ebc3f1f5713339b340796",
            "content_sha1": "02e7b30af73bc4262784b7426e218621ee14caf8",
            "content_sha256": "43af652c00989b3142125e1fdf3f2c331419b645ff72df3c2afa28554f6a0a6a",
            "content_sha512": "76f4ce753dcfdd4dbfe194466663fc0bc2220537d0796c55cc24c8724b6c5333f40e8d81e8aff275994f2391ad2afc398937a1a9334a6139502aa69ad19ab82b",
            "directory_permission": "0777",
            "file_permission": "0777",
            "filename": "host",
            "id": "02e7b30af73bc4262784b7426e218621ee14caf8",
            "sensitive_content": null,
            "source": null
          },
          "sensitive_attributes": [],
          "dependencies": [
            "linode_instance.Pre-Prod_database"
          ]
        }
      ]
    }
  ],
  "check_results": null
}
