{
  "version": 4,
  "terraform_version": "1.7.3",
  "serial": 126,
  "lineage": "41fab3e5-67c5-2f0f-3087-b4b065e91e46",
  "outputs": {},
  "resources": [
    {
      "mode": "managed",
      "type": "linode_firewall",
      "name": "my_firewall",
      "provider": "provider[\"registry.terraform.io/linode/linode\"]",
      "instances": [
        {
          "schema_version": 0,
          "attributes": {
            "devices": [
              {
                "entity_id": 54767309,
                "id": 752167,
                "label": "Pre-Prod_database",
                "type": "linode",
                "url": "/v4/linode/instances/54767309"
              }
            ],
            "disabled": false,
            "id": "344910",
            "inbound": [
              {
                "action": "ACCEPT",
                "ipv4": [
                  "0.0.0.0/0"
                ],
                "ipv6": [
                  "::/0"
                ],
                "label": "allow-http",
                "ports": "80",
                "protocol": "TCP"
              },
              {
                "action": "ACCEPT",
                "ipv4": [
                  "0.0.0.0/0"
                ],
                "ipv6": [
                  "::/0"
                ],
                "label": "allow-https",
                "ports": "443",
                "protocol": "TCP"
              },
              {
                "action": "ACCEPT",
                "ipv4": [
                  "0.0.0.0/0"
                ],
                "ipv6": [
                  "::/0"
                ],
                "label": "allow-ssh",
                "ports": "22",
                "protocol": "TCP"
              }
            ],
            "inbound_policy": "DROP",
            "label": "pre-prod-firewall",
            "linodes": [
              54767309
            ],
            "outbound": [
              {
                "action": "ACCEPT",
                "ipv4": [
                  "0.0.0.0/0"
                ],
                "ipv6": [
                  "::/0"
                ],
                "label": "accept-http",
                "ports": "80",
                "protocol": "TCP"
              },
              {
                "action": "ACCEPT",
                "ipv4": [
                  "0.0.0.0/0"
                ],
                "ipv6": [
                  "::/0"
                ],
                "label": "accept-https",
                "ports": "443",
                "protocol": "TCP"
              },
              {
                "action": "ACCEPT",
                "ipv4": [
                  "0.0.0.0/0"
                ],
                "ipv6": [
                  "::/0"
                ],
                "label": "accept-ssh",
                "ports": "22",
                "protocol": "TCP"
              },
              {
                "action": "ACCEPT",
                "ipv4": [
                  "0.0.0.0/0"
                ],
                "ipv6": [
                  "::/0"
                ],
                "label": "accept-udp",
                "ports": "53",
                "protocol": "UDP"
              },
              {
                "action": "ACCEPT",
                "ipv4": [
                  "0.0.0.0/0"
                ],
                "ipv6": [
                  "::/0"
                ],
                "label": "accept-mongodb",
                "ports": "27017",
                "protocol": "TCP"
              }
            ],
            "outbound_policy": "DROP",
            "status": "enabled",
            "tags": null
          },
          "sensitive_attributes": [],
          "private": "bnVsbA==",
          "dependencies": [
            "linode_instance.Pre-Prod_database"
          ]
        }
      ]
    },
    {
      "mode": "managed",
      "type": "linode_instance",
      "name": "Pre-Prod_database",
      "provider": "provider[\"registry.terraform.io/linode/linode\"]",
      "instances": [
        {
          "schema_version": 0,
          "attributes": {
            "alerts": [
              {
                "cpu": 90,
                "io": 10000,
                "network_in": 10,
                "network_out": 10,
                "transfer_quota": 80
              }
            ],
            "authorized_keys": null,
            "authorized_users": [
              "ObadaHaddad"
            ],
            "backup_id": null,
            "backups": [
              {
                "enabled": false,
                "schedule": [
                  {
                    "day": "",
                    "window": ""
                  }
                ]
              }
            ],
            "backups_enabled": false,
            "boot_config_label": "My Debian 12 Disk Profile",
            "config": [
              {
                "comments": "",
                "devices": [
                  {
                    "sda": [
                      {
                        "disk_id": 108440099,
                        "disk_label": "Debian 12 Disk",
                        "volume_id": 0
                      }
                    ],
                    "sdb": [
                      {
                        "disk_id": 108440100,
                        "disk_label": "512 MB Swap Image",
                        "volume_id": 0
                      }
                    ],
                    "sdc": [],
                    "sdd": [],
                    "sde": [],
                    "sdf": [],
                    "sdg": [],
                    "sdh": []
                  }
                ],
                "helpers": [
                  {
                    "devtmpfs_automount": true,
                    "distro": true,
                    "modules_dep": true,
                    "network": true,
                    "updatedb_disabled": true
                  }
                ],
                "interface": [],
                "kernel": "linode/grub2",
                "label": "My Debian 12 Disk Profile",
                "memory_limit": 0,
                "root_device": "/dev/sda",
                "run_level": "default",
                "virt_mode": "paravirt"
              }
            ],
            "disk": [
              {
                "authorized_keys": [],
                "authorized_users": [],
                "filesystem": "ext4",
                "id": 108440099,
                "image": "",
                "label": "Debian 12 Disk",
                "read_only": false,
                "root_pass": "",
                "size": 25088,
                "stackscript_data": {},
                "stackscript_id": 0
              },
              {
                "authorized_keys": [],
                "authorized_users": [],
                "filesystem": "swap",
                "id": 108440100,
                "image": "",
                "label": "512 MB Swap Image",
                "read_only": false,
                "root_pass": "",
                "size": 512,
                "stackscript_data": {},
                "stackscript_id": 0
              }
            ],
            "group": "",
            "id": "54767309",
            "image": "linode/debian12",
            "interface": [],
            "ip_address": "172.232.43.9",
            "ipv4": [
              "172.232.43.9"
            ],
            "ipv6": "2600:3c07::f03c:94ff:feb4:6546/128",
            "label": "Pre-Prod_database",
            "private_ip": false,
            "private_ip_address": null,
            "region": "fr-par",
            "root_pass": "i9idGFzKg5IyLsMF0ASx4Ov8t/WGwp1V0CYoRe4W/giuCjtQSxgYun1tjVuu95iH2tYPBzj/Xsr378sKINcRCQ==",
            "specs": [
              {
                "disk": 25600,
                "memory": 1024,
                "transfer": 1000,
                "vcpus": 1
              }
            ],
            "stackscript_data": null,
            "stackscript_id": null,
            "status": "running",
            "swap_size": 512,
            "tags": null,
            "timeouts": null,
            "type": "g6-nanode-1",
            "watchdog_enabled": true
          },
          "sensitive_attributes": [],
          "private": "eyJlMmJmYjczMC1lY2FhLTExZTYtOGY4OC0zNDM2M2JjN2M0YzAiOnsiY3JlYXRlIjo2MDAwMDAwMDAwMDAsImRlbGV0ZSI6NjAwMDAwMDAwMDAwLCJ1cGRhdGUiOjEyMDAwMDAwMDAwMDB9fQ=="
        }
      ]
    },
    {
      "mode": "managed",
      "type": "linode_lke_cluster",
      "name": "lke_cluster",
      "provider": "provider[\"registry.terraform.io/linode/linode\"]",
      "instances": [
        {
          "schema_version": 0,
          "attributes": {
            "api_endpoints": [
              "https://495616bb-8930-4997-b1ec-b9a602949645.fr-par-2.linodelke.net:443",
              "https://495616bb-8930-4997-b1ec-b9a602949645.fr-par-2.linodelke.net:6443",
              "https://172.232.59.6:443",
              "https://172.232.59.6:6443"
            ],
            "control_plane": [
              {
                "high_availability": false
              }
            ],
            "id": "155697",
            "k8s_version": "1.28",
            "kubeconfig": "CmFwaVZlcnNpb246IHYxCmtpbmQ6IENvbmZpZwpwcmVmZXJlbmNlczoge30KCmNsdXN0ZXJzOgotIGNsdXN0ZXI6CiAgICBjZXJ0aWZpY2F0ZS1hdXRob3JpdHktZGF0YTogTFMwdExTMUNSVWRKVGlCRFJWSlVTVVpKUTBGVVJTMHRMUzB0Q2sxSlNVUkNWRU5EUVdVeVowRjNTVUpCWjBsSlEybFRkamh5U1hKQmJIZDNSRkZaU2t0dldrbG9kbU5PUVZGRlRFSlJRWGRHVkVWVVRVSkZSMEV4VlVVS1FYaE5TMkV6Vm1sYVdFcDFXbGhTYkdONlFXVkdkekI1VGtSQmVVMUVhM2hOZWtWNVRVUldZVVozTUhwT1JFRjVUVVJaZUUxNlJUTk5SRlpoVFVKVmVBcEZla0ZTUW1kT1ZrSkJUVlJEYlhReFdXMVdlV0p0VmpCYVdFMTNaMmRGYVUxQk1FZERVM0ZIVTBsaU0wUlJSVUpCVVZWQlFUUkpRa1IzUVhkblowVkxDa0Z2U1VKQlVVUnBabWRXY2sxMVdVbEhZakZRWVVWaVFsSmtPREppZVVoTGJDdERRM2t6YUZCc1NqWXhRVzFwTkZnNVZGZHFUVVJOYUdaT2IxTTBUREFLV20xUVVUVndZMWhCZGtGWE9YaGphSEZLVlhkWU9WaDRNRlpKWVhJelVscFFZVEpDYnpKRFlYTk1Ta2hOU2tKamEwdFNRak5oU25sUFJURXpjR2szTndweE9XbHplR1ZWUjBRMWRFMUxUMFkxVVdONlYwMXJiSEZpUVVKd1ZGbGpObVl3UVdkcFl5OUhlbVoxZWpacFltVkNhSGxWY1U1dFVXRjZhV051WldaVkNrdHFkRkV3Y1RVMk5VUkNRazEyTTJST00xVm9LMjVQY2pCRFJIUnphRWt3ZFdzNFlYYzJaRUV2U0dwNmRGZENWbVUwTW1sVWR6VnVVazhyUWtWUFRWVUtaR2xYVmpoSFl6UnlWakpXY0ZkNFMxZFlhRmN2YUdjMFMxTXdXV2hvTlV4WWFFUlRTWEptYnpaVmJIWjNjREZRUm5JMFpuSnVUemhCV1N0SFFsWm1Nd3AwYUd4aldYTkdia1p4YUZOdVVFUjRabVV3VVVGdlNtMVdhVVZPUVdkTlFrRkJSMnBYVkVKWVRVRTBSMEV4VldSRWQwVkNMM2RSUlVGM1NVTndSRUZRQ2tKblRsWklVazFDUVdZNFJVSlVRVVJCVVVndlRVSXdSMEV4VldSRVoxRlhRa0pTVkhoclJFTTJUSEJOY2s5alYxcExTRlZFYnpWMVNqZ3dLMGhVUVZZS1FtZE9Wa2hTUlVWRWFrRk5aMmR3Y21SWFNteGpiVFZzWkVkV2VrMUJNRWREVTNGSFUwbGlNMFJSUlVKRGQxVkJRVFJKUWtGUlFVTTBZekF5YzBadFZncFJVRU41TTNaa1ozWTVlbUZpZUZGdWVHSjZUMUpyY2pFdmJHZENiMDlhZEdsdWFrcHdNbXhNYjI4cmVHbHllVWwyUVRKSlMxUnFaa1pIWlVOeVdrOXRDbFJvSzJaQlFsTlBjQ3RCUkZZdlRHUkJWV2RsZFc5d01sZHhTM1F5ZDFwcGFtcGpVV1JWZUVZdmJXaDNhSEYyWVZwMFJIUjNTelpGUkU5TldUUk5kVlFLUVhSbFZqRnVNM2c1V0cxU1dXNWpTMUEyY0ZoRWRtcDJjbGxzT1ROSmFFbFVNR3BuZVV4V2JFTjFTMU5VTjAxd1ZVSjBaRmRpY2xaT2VuRlViSE5FTmdwdGIzVnNhVVJaWTFGNFl6RTJhbkpCVFdWUVFYRm1ka2syY0ZkM1drZEdRelZ5WVUxR1YyeERSekJ6WVZCcmRuaEZkM05ZVkdSTVdHODBNSFZ0UVVsWENqQkxiVEZNVXpsUE4xcGhhVXhzVjNKVE5GZDVUWEYyVVRNeE1GZHlTSFJQWm1ONlpUWjJiMDB5TTJFeU9FVmhjblpETVhsYWFXOTRZbW8zYjNZNFVVNEtNM2wzVDA1MU1sUklhbGxaQ2kwdExTMHRSVTVFSUVORlVsUkpSa2xEUVZSRkxTMHRMUzBLCiAgICBzZXJ2ZXI6IGh0dHBzOi8vNDk1NjE2YmItODkzMC00OTk3LWIxZWMtYjlhNjAyOTQ5NjQ1LmZyLXBhci0yLmxpbm9kZWxrZS5uZXQ6NDQzCiAgbmFtZTogbGtlMTU1Njk3Cgp1c2VyczoKLSBuYW1lOiBsa2UxNTU2OTctYWRtaW4KICB1c2VyOgogICAgYXMtdXNlci1leHRyYToge30KICAgIHRva2VuOiBleUpoYkdjaU9pSlNVekkxTmlJc0ltdHBaQ0k2SWtkTWREYzJiRWxxZVZOTlNucHNiVWxFZWxsSFZGSkZNbXR0WVZKV1NYQXdVRkIyWVdrMmNqQnVUbThpZlEuZXlKcGMzTWlPaUpyZFdKbGNtNWxkR1Z6TDNObGNuWnBZMlZoWTJOdmRXNTBJaXdpYTNWaVpYSnVaWFJsY3k1cGJ5OXpaWEoyYVdObFlXTmpiM1Z1ZEM5dVlXMWxjM0JoWTJVaU9pSnJkV0psTFhONWMzUmxiU0lzSW10MVltVnlibVYwWlhNdWFXOHZjMlZ5ZG1salpXRmpZMjkxYm5RdmMyVmpjbVYwTG01aGJXVWlPaUpzYTJVdFlXUnRhVzR0ZEc5clpXNHRNbkpyWjNvaUxDSnJkV0psY201bGRHVnpMbWx2TDNObGNuWnBZMlZoWTJOdmRXNTBMM05sY25acFkyVXRZV05qYjNWdWRDNXVZVzFsSWpvaWJHdGxMV0ZrYldsdUlpd2lhM1ZpWlhKdVpYUmxjeTVwYnk5elpYSjJhV05sWVdOamIzVnVkQzl6WlhKMmFXTmxMV0ZqWTI5MWJuUXVkV2xrSWpvaU1tUm1aakkzT1dVdE5XWTJOQzAwWmpRMExXRXlZekl0TXpOalpXTmxNRFV5Tm1Neklpd2ljM1ZpSWpvaWMzbHpkR1Z0T25ObGNuWnBZMlZoWTJOdmRXNTBPbXQxWW1VdGMzbHpkR1Z0T214clpTMWhaRzFwYmlKOS5PX3l6dnZudksxSnBDMFRMU2NfNl9PQ1pvUjVmUUd6QW1Da0N2SVdzUzlJVzhOOGVIQzY0Z0RoTmUxeXYwei16dFZvbFlZV2hsN1NIWFhqMWFqZUJCUjJtamhBZ0lMaWhVOWFOOUxldFlMbGVZRFRNVGZLcHdzRkZmSUFqRjM1R2MybF9LSDFoMjJiLXZoUlRYLW9jRGxhNzI5cy1aRThTTmpVbmUtbEY0RC1wZ0JkeXJnUXZNWjg3cTlZbTRCbHA4ejRYc0RXVXVORkpfRVV0cjI3bEJQRFRIYU1TNmdBeGNFSFNwT3RmMGI1Z21POXJyeThBSEoyLWs2YUtJSkNrRHEyT25MTFcyT1AwbzBlUmx5VGJWbHp0MWpkdklIZlRkaGhwTjVwY0NpSnJVZDVfMk1JeGw2TXAyMElkMy1uVHNGMlRmYW45VVFLVnptOVNQdlJWTncKCmNvbnRleHRzOgotIGNvbnRleHQ6CiAgICBjbHVzdGVyOiBsa2UxNTU2OTcKICAgIG5hbWVzcGFjZTogZGVmYXVsdAogICAgdXNlcjogbGtlMTU1Njk3LWFkbWluCiAgbmFtZTogbGtlMTU1Njk3LWN0eAoKY3VycmVudC1jb250ZXh0OiBsa2UxNTU2OTctY3R4Cg==",
            "label": "Pre_Production-test",
            "pool": [
              {
                "autoscaler": [],
                "count": 3,
                "id": 227883,
                "nodes": [
                  {
                    "id": "227883-10517c130000",
                    "instance_id": 54767317,
                    "status": "not_ready"
                  },
                  {
                    "id": "227883-1813f4d50000",
                    "instance_id": 54767316,
                    "status": "not_ready"
                  },
                  {
                    "id": "227883-5e05e3210000",
                    "instance_id": 54767315,
                    "status": "not_ready"
                  }
                ],
                "type": "g6-standard-1"
              }
            ],
            "region": "fr-par",
            "status": "ready",
            "tags": null,
            "timeouts": null
          },
          "sensitive_attributes": [],
          "private": "eyJlMmJmYjczMC1lY2FhLTExZTYtOGY4OC0zNDM2M2JjN2M0YzAiOnsiY3JlYXRlIjo5MDAwMDAwMDAwMDAsImRlbGV0ZSI6NjAwMDAwMDAwMDAwLCJ1cGRhdGUiOjE4MDAwMDAwMDAwMDB9fQ=="
        }
      ]
    },
    {
      "mode": "managed",
      "type": "local_file",
      "name": "ansible_host_file",
      "provider": "provider[\"registry.terraform.io/hashicorp/local\"]",
      "instances": [
        {
          "schema_version": 0,
          "attributes": {
            "content": "\r\n[Pre-Prod_database]\r\n172.232.43.9\r\n\r\n",
            "content_base64": null,
            "content_base64sha256": "dYiEvLPyIyMJ2ciD19YG9sjlzIogetEDd7wia56izSM=",
            "content_base64sha512": "n17d5Az+SGDwwV0ri4sMP7xHqBS0VVzEWLmZvQmJDfHSjlwW/G1dN9p5FZQh5PjC44wBzBTlgqZT41uyVawDng==",
            "content_md5": "6692c3c8d2be4a7c74b6e9fd0014d47a",
            "content_sha1": "ab4c7ad26fc68a4fdff80daf858d11afc24ab807",
            "content_sha256": "758884bcb3f2232309d9c883d7d606f6c8e5cc8a207ad10377bc226b9ea2cd23",
            "content_sha512": "9f5edde40cfe4860f0c15d2b8b8b0c3fbc47a814b4555cc458b999bd09890df1d28e5c16fc6d5d37da79159421e4f8c2e38c01cc14e582a653e35bb255ac039e",
            "directory_permission": "0777",
            "file_permission": "0777",
            "filename": "host",
            "id": "ab4c7ad26fc68a4fdff80daf858d11afc24ab807",
            "sensitive_content": null,
            "source": null
          },
          "sensitive_attributes": [],
          "dependencies": [
            "linode_instance.Pre-Prod_database"
          ]
        }
      ]
    },
    {
      "mode": "managed",
      "type": "local_file",
      "name": "kubeconfig",
      "provider": "provider[\"registry.terraform.io/hashicorp/local\"]",
      "instances": [
        {
          "schema_version": 0,
          "attributes": {
            "content": "\napiVersion: v1\nkind: Config\npreferences: {}\n\nclusters:\n- cluster:\n    certificate-authority-data: LS0tLS1CRUdJTiBDRVJUSUZJQ0FURS0tLS0tCk1JSURCVENDQWUyZ0F3SUJBZ0lJQ2lTdjhySXJBbHd3RFFZSktvWklodmNOQVFFTEJRQXdGVEVUTUJFR0ExVUUKQXhNS2EzVmlaWEp1WlhSbGN6QWVGdzB5TkRBeU1Ea3hNekV5TURWYUZ3MHpOREF5TURZeE16RTNNRFZhTUJVeApFekFSQmdOVkJBTVRDbXQxWW1WeWJtVjBaWE13Z2dFaU1BMEdDU3FHU0liM0RRRUJBUVVBQTRJQkR3QXdnZ0VLCkFvSUJBUURpZmdWck11WUlHYjFQYUViQlJkODJieUhLbCtDQ3kzaFBsSjYxQW1pNFg5VFdqTURNaGZOb1M0TDAKWm1QUTVwY1hBdkFXOXhjaHFKVXdYOVh4MFZJYXIzUlpQYTJCbzJDYXNMSkhNSkJja0tSQjNhSnlPRTEzcGk3NwpxOWlzeGVVR0Q1dE1LT0Y1UWN6V01rbHFiQUJwVFljNmYwQWdpYy9HemZ1ejZpYmVCaHlVcU5tUWF6aWNuZWZVCktqdFEwcTU2NURCQk12M2ROM1VoK25PcjBDRHRzaEkwdWs4YXc2ZEEvSGp6dFdCVmU0MmlUdzVuUk8rQkVPTVUKZGlXVjhHYzRyVjJWcFd4S1dYaFcvaGc0S1MwWWhoNUxYaERTSXJmbzZVbHZ3cDFQRnI0ZnJuTzhBWStHQlZmMwp0aGxjWXNGbkZxaFNuUER4ZmUwUUFvSm1WaUVOQWdNQkFBR2pXVEJYTUE0R0ExVWREd0VCL3dRRUF3SUNwREFQCkJnTlZIUk1CQWY4RUJUQURBUUgvTUIwR0ExVWREZ1FXQkJSVHhrREM2THBNck9jV1pLSFVEbzV1SjgwK0hUQVYKQmdOVkhSRUVEakFNZ2dwcmRXSmxjbTVsZEdWek1BMEdDU3FHU0liM0RRRUJDd1VBQTRJQkFRQUM0YzAyc0ZtVgpRUEN5M3ZkZ3Y5emFieFFueGJ6T1JrcjEvbGdCb09adGluakpwMmxMb28reGlyeUl2QTJJS1RqZkZHZUNyWk9tClRoK2ZBQlNPcCtBRFYvTGRBVWdldW9wMldxS3Qyd1ppampjUWRVeEYvbWh3aHF2YVp0RHR3SzZFRE9NWTRNdVQKQXRlVjFuM3g5WG1SWW5jS1A2cFhEdmp2cllsOTNJaElUMGpneUxWbEN1S1NUN01wVUJ0ZFdiclZOenFUbHNENgptb3VsaURZY1F4YzE2anJBTWVQQXFmdkk2cFd3WkdGQzVyYU1GV2xDRzBzYVBrdnhFd3NYVGRMWG80MHVtQUlXCjBLbTFMUzlPN1phaUxsV3JTNFd5TXF2UTMxMFdySHRPZmN6ZTZ2b00yM2EyOEVhcnZDMXlaaW94Ymo3b3Y4UU4KM3l3T051MlRIallZCi0tLS0tRU5EIENFUlRJRklDQVRFLS0tLS0K\n    server: https://495616bb-8930-4997-b1ec-b9a602949645.fr-par-2.linodelke.net:443\n  name: lke155697\n\nusers:\n- name: lke155697-admin\n  user:\n    as-user-extra: {}\n    token: eyJhbGciOiJSUzI1NiIsImtpZCI6IkdMdDc2bElqeVNNSnpsbUlEellHVFJFMmttYVJWSXAwUFB2YWk2cjBuTm8ifQ.eyJpc3MiOiJrdWJlcm5ldGVzL3NlcnZpY2VhY2NvdW50Iiwia3ViZXJuZXRlcy5pby9zZXJ2aWNlYWNjb3VudC9uYW1lc3BhY2UiOiJrdWJlLXN5c3RlbSIsImt1YmVybmV0ZXMuaW8vc2VydmljZWFjY291bnQvc2VjcmV0Lm5hbWUiOiJsa2UtYWRtaW4tdG9rZW4tMnJrZ3oiLCJrdWJlcm5ldGVzLmlvL3NlcnZpY2VhY2NvdW50L3NlcnZpY2UtYWNjb3VudC5uYW1lIjoibGtlLWFkbWluIiwia3ViZXJuZXRlcy5pby9zZXJ2aWNlYWNjb3VudC9zZXJ2aWNlLWFjY291bnQudWlkIjoiMmRmZjI3OWUtNWY2NC00ZjQ0LWEyYzItMzNjZWNlMDUyNmMzIiwic3ViIjoic3lzdGVtOnNlcnZpY2VhY2NvdW50Omt1YmUtc3lzdGVtOmxrZS1hZG1pbiJ9.O_yzvvnvK1JpC0TLSc_6_OCZoR5fQGzAmCkCvIWsS9IW8N8eHC64gDhNe1yv0z-ztVolYYWhl7SHXXj1ajeBBR2mjhAgILihU9aN9LetYLleYDTMTfKpwsFFfIAjF35Gc2l_KH1h22b-vhRTX-ocDla729s-ZE8SNjUne-lF4D-pgBdyrgQvMZ87q9Ym4Blp8z4XsDWUuNFJ_EUtr27lBPDTHaMS6gAxcEHSpOtf0b5gmO9rry8AHJ2-k6aKIJCkDq2OnLLW2OP0o0eRlyTbVlzt1jdvIHfTdhhpN5pcCiJrUd5_2MIxl6Mp20Id3-nTsF2Tfan9UQKVzm9SPvRVNw\n\ncontexts:\n- context:\n    cluster: lke155697\n    namespace: default\n    user: lke155697-admin\n  name: lke155697-ctx\n\ncurrent-context: lke155697-ctx\n",
            "content_base64": null,
            "content_base64sha256": "RQ9TuuqHYgpCtrDqfdLOvKoMxaELHmNM/MHJ2QjMbow=",
            "content_base64sha512": "75RpDUBOYlNusu2dGwKywHEBvGZQt1ijxq07l6SopLRe6g4S1xCBn1KxA78EFvpX1NBN3DMAsCgmjw5MInu43g==",
            "content_md5": "8bbc60ea25ed45c7c36e1ca6719bb566",
            "content_sha1": "815cda94b319463163d7c7749bf9673290c766c7",
            "content_sha256": "450f53baea87620a42b6b0ea7dd2cebcaa0cc5a10b1e634cfcc1c9d908cc6e8c",
            "content_sha512": "ef94690d404e62536eb2ed9d1b02b2c07101bc6650b758a3c6ad3b97a4a8a4b45eea0e12d710819f52b103bf0416fa57d4d04ddc3300b028268f0e4c227bb8de",
            "directory_permission": "0777",
            "file_permission": "0777",
            "filename": "kube-config.yml",
            "id": "815cda94b319463163d7c7749bf9673290c766c7",
            "sensitive_content": null,
            "source": null
          },
          "sensitive_attributes": [
            [
              {
                "type": "get_attr",
                "value": "content"
              }
            ]
          ],
          "dependencies": [
            "linode_lke_cluster.lke_cluster"
          ]
        }
      ]
    },
    {
      "mode": "managed",
      "type": "local_file",
      "name": "kubernetes_dep-service_file",
      "provider": "provider[\"registry.terraform.io/hashicorp/local\"]",
      "instances": [
        {
          "schema_version": 0,
          "attributes": {
            "content": "apiVersion: v1\r\nkind: Service\r\nmetadata:\r\n  name: morningnews\r\nspec:\r\n  type: LoadBalancer\r\n  ports:\r\n    - port: 80\r\n      targetPort: 3000\r\n  selector:\r\n    app: morningnews\r\n---\r\napiVersion: apps/v1\r\nkind: Deployment\r\nmetadata:\r\n  name: morningnews\r\nspec:\r\n  replicas: 3\r\n  selector:\r\n    matchLabels:\r\n      app: morningnews\r\n  template:\r\n    metadata:\r\n      labels:\r\n        app: morningnews\r\n    spec:\r\n      containers:\r\n        - name: morningnews\r\n          image: obadahaddad/morningnews\r\n          env:\r\n            - name: CONNECTION_STRING\r\n              value: \"mongodb://admin:admin@172.232.43.9:80/morningnews\"\r\n          ports:\r\n            - containerPort: 3000\r\n",
            "content_base64": null,
            "content_base64sha256": "RgWCoLOxo8e62wbJ19OXK/EV67BmvC36XycsNtgPt/Y=",
            "content_base64sha512": "YvytQGoFKkSvxKh9LXFH97zDAnsdfGLMU41qxVSFTfLf6MMRnmXwfseH/NRhiTWWBepV6CBIGz8naYzaqNbhRA==",
            "content_md5": "431efa22b507dcdcf8a2c68f765afd4f",
            "content_sha1": "742abe9729dedcccf1d935e8750efe1626032b1c",
            "content_sha256": "460582a0b3b1a3c7badb06c9d7d3972bf115ebb066bc2dfa5f272c36d80fb7f6",
            "content_sha512": "62fcad406a052a44afc4a87d2d7147f7bcc3027b1d7c62cc538d6ac554854df2dfe8c3119e65f07ec787fcd46189359605ea55e820481b3f27698cdaa8d6e144",
            "directory_permission": "0777",
            "file_permission": "0777",
            "filename": "morningnews-dep_service.yml",
            "id": "742abe9729dedcccf1d935e8750efe1626032b1c",
            "sensitive_content": null,
            "source": null
          },
          "sensitive_attributes": [],
          "dependencies": [
            "linode_instance.Pre-Prod_database"
          ]
        }
      ]
    }
  ],
  "check_results": null
}
