{
  "version": 4,
  "terraform_version": "1.7.3",
  "serial": 209,
  "lineage": "41fab3e5-67c5-2f0f-3087-b4b065e91e46",
  "outputs": {},
  "resources": [
    {
      "mode": "managed",
      "type": "linode_firewall",
      "name": "my_firewall",
      "provider": "provider[\"registry.terraform.io/linode/linode\"]",
      "instances": [
        {
          "schema_version": 0,
          "attributes": {
            "devices": [
              {
                "entity_id": 54891802,
                "id": 761071,
                "label": "Pre-Prod_database",
                "type": "linode",
                "url": "/v4/linode/instances/54891802"
              }
            ],
            "disabled": false,
            "id": "348426",
            "inbound": [
              {
                "action": "ACCEPT",
                "ipv4": [
                  "0.0.0.0/0"
                ],
                "ipv6": [
                  "::/0"
                ],
                "label": "allow-http",
                "ports": "80",
                "protocol": "TCP"
              },
              {
                "action": "ACCEPT",
                "ipv4": [
                  "0.0.0.0/0"
                ],
                "ipv6": [
                  "::/0"
                ],
                "label": "allow-https",
                "ports": "443",
                "protocol": "TCP"
              },
              {
                "action": "ACCEPT",
                "ipv4": [
                  "0.0.0.0/0"
                ],
                "ipv6": [
                  "::/0"
                ],
                "label": "allow-ssh",
                "ports": "22",
                "protocol": "TCP"
              }
            ],
            "inbound_policy": "DROP",
            "label": "pre-prod-firewall",
            "linodes": [
              54891802
            ],
            "outbound": [
              {
                "action": "ACCEPT",
                "ipv4": [
                  "0.0.0.0/0"
                ],
                "ipv6": [
                  "::/0"
                ],
                "label": "accept-http",
                "ports": "80",
                "protocol": "TCP"
              },
              {
                "action": "ACCEPT",
                "ipv4": [
                  "0.0.0.0/0"
                ],
                "ipv6": [
                  "::/0"
                ],
                "label": "accept-https",
                "ports": "443",
                "protocol": "TCP"
              },
              {
                "action": "ACCEPT",
                "ipv4": [
                  "0.0.0.0/0"
                ],
                "ipv6": [
                  "::/0"
                ],
                "label": "accept-ssh",
                "ports": "22",
                "protocol": "TCP"
              },
              {
                "action": "ACCEPT",
                "ipv4": [
                  "0.0.0.0/0"
                ],
                "ipv6": [
                  "::/0"
                ],
                "label": "accept-udp",
                "ports": "53",
                "protocol": "UDP"
              },
              {
                "action": "ACCEPT",
                "ipv4": [
                  "0.0.0.0/0"
                ],
                "ipv6": [
                  "::/0"
                ],
                "label": "accept-mongodb",
                "ports": "27017",
                "protocol": "TCP"
              }
            ],
            "outbound_policy": "DROP",
            "status": "enabled",
            "tags": null
          },
          "sensitive_attributes": [],
          "private": "bnVsbA==",
          "dependencies": [
            "linode_instance.Pre-Prod_database"
          ]
        }
      ]
    },
    {
      "mode": "managed",
      "type": "linode_instance",
      "name": "Pre-Prod_database",
      "provider": "provider[\"registry.terraform.io/linode/linode\"]",
      "instances": [
        {
          "schema_version": 0,
          "attributes": {
            "alerts": [
              {
                "cpu": 90,
                "io": 10000,
                "network_in": 10,
                "network_out": 10,
                "transfer_quota": 80
              }
            ],
            "authorized_keys": null,
            "authorized_users": [
              "ObadaHaddad"
            ],
            "backup_id": null,
            "backups": [
              {
                "enabled": false,
                "schedule": [
                  {
                    "day": "",
                    "window": ""
                  }
                ]
              }
            ],
            "backups_enabled": false,
            "boot_config_label": "My Debian 12 Disk Profile",
            "config": [
              {
                "comments": "",
                "devices": [
                  {
                    "sda": [
                      {
                        "disk_id": 108674258,
                        "disk_label": "Debian 12 Disk",
                        "volume_id": 0
                      }
                    ],
                    "sdb": [
                      {
                        "disk_id": 108674259,
                        "disk_label": "512 MB Swap Image",
                        "volume_id": 0
                      }
                    ],
                    "sdc": [],
                    "sdd": [],
                    "sde": [],
                    "sdf": [],
                    "sdg": [],
                    "sdh": []
                  }
                ],
                "helpers": [
                  {
                    "devtmpfs_automount": true,
                    "distro": true,
                    "modules_dep": true,
                    "network": true,
                    "updatedb_disabled": true
                  }
                ],
                "interface": [],
                "kernel": "linode/grub2",
                "label": "My Debian 12 Disk Profile",
                "memory_limit": 0,
                "root_device": "/dev/sda",
                "run_level": "default",
                "virt_mode": "paravirt"
              }
            ],
            "disk": [
              {
                "authorized_keys": [],
                "authorized_users": [],
                "filesystem": "ext4",
                "id": 108674258,
                "image": "",
                "label": "Debian 12 Disk",
                "read_only": false,
                "root_pass": "",
                "size": 25088,
                "stackscript_data": {},
                "stackscript_id": 0
              },
              {
                "authorized_keys": [],
                "authorized_users": [],
                "filesystem": "swap",
                "id": 108674259,
                "image": "",
                "label": "512 MB Swap Image",
                "read_only": false,
                "root_pass": "",
                "size": 512,
                "stackscript_data": {},
                "stackscript_id": 0
              }
            ],
            "group": "",
            "id": "54891802",
            "image": "linode/debian12",
            "interface": [],
            "ip_address": "172.232.34.80",
            "ipv4": [
              "172.232.34.80"
            ],
            "ipv6": "2600:3c07::f03c:94ff:fe86:626e/128",
            "label": "Pre-Prod_database",
            "private_ip": false,
            "private_ip_address": null,
            "region": "fr-par",
            "root_pass": "i9idGFzKg5IyLsMF0ASx4Ov8t/WGwp1V0CYoRe4W/giuCjtQSxgYun1tjVuu95iH2tYPBzj/Xsr378sKINcRCQ==",
            "specs": [
              {
                "disk": 25600,
                "memory": 1024,
                "transfer": 1000,
                "vcpus": 1
              }
            ],
            "stackscript_data": null,
            "stackscript_id": null,
            "status": "running",
            "swap_size": 512,
            "tags": null,
            "timeouts": null,
            "type": "g6-nanode-1",
            "watchdog_enabled": true
          },
          "sensitive_attributes": [],
          "private": "eyJlMmJmYjczMC1lY2FhLTExZTYtOGY4OC0zNDM2M2JjN2M0YzAiOnsiY3JlYXRlIjo2MDAwMDAwMDAwMDAsImRlbGV0ZSI6NjAwMDAwMDAwMDAwLCJ1cGRhdGUiOjEyMDAwMDAwMDAwMDB9fQ=="
        }
      ]
    },
    {
      "mode": "managed",
      "type": "linode_lke_cluster",
      "name": "lke_cluster",
      "provider": "provider[\"registry.terraform.io/linode/linode\"]",
      "instances": [
        {
          "schema_version": 0,
          "attributes": {
            "api_endpoints": [
              "https://839be383-59a2-4bf8-89b0-5886e7d7caac.fr-par-1.linodelke.net:443",
              "https://839be383-59a2-4bf8-89b0-5886e7d7caac.fr-par-1.linodelke.net:6443",
              "https://172.232.48.121:443",
              "https://172.232.48.121:6443"
            ],
            "control_plane": [
              {
                "high_availability": false
              }
            ],
            "id": "156312",
            "k8s_version": "1.28",
            "kubeconfig": "CmFwaVZlcnNpb246IHYxCmtpbmQ6IENvbmZpZwpwcmVmZXJlbmNlczoge30KCmNsdXN0ZXJzOgotIGNsdXN0ZXI6CiAgICBjZXJ0aWZpY2F0ZS1hdXRob3JpdHktZGF0YTogTFMwdExTMUNSVWRKVGlCRFJWSlVTVVpKUTBGVVJTMHRMUzB0Q2sxSlNVUkNWRU5EUVdVeVowRjNTVUpCWjBsSlExTkpVVEJaYlU5SlQwVjNSRkZaU2t0dldrbG9kbU5PUVZGRlRFSlJRWGRHVkVWVVRVSkZSMEV4VlVVS1FYaE5TMkV6Vm1sYVdFcDFXbGhTYkdONlFXVkdkekI1VGtSQmVVMVVUWGhPUkVWNVRYcENZVVozTUhwT1JFRjVUVlJCZUU1RVJUTk5la0poVFVKVmVBcEZla0ZTUW1kT1ZrSkJUVlJEYlhReFdXMVdlV0p0VmpCYVdFMTNaMmRGYVUxQk1FZERVM0ZIVTBsaU0wUlJSVUpCVVZWQlFUUkpRa1IzUVhkblowVkxDa0Z2U1VKQlVVTjRRVlpHVW5GemRsTlVOMmQzTm0xRFJGbHVkMnhZTlc5Wk9FeE9keTk2YURnd1JHaFVSM0ZYVEVKaVdFaDVRakZDWm5GNFlVeFJLMmtLYlZsS2JFMHJjVmxyUkVGSlpXZFlRVFUyT1VNMFJXY3Jja3AyVURkbVMzbFNka2sySzJRemR6RXhia0pwYlZGVFYxTmFVbkJuUTI1SE1uRm1TeXQwTWdwaVduVjBNV2xzUlRKUVJraHJMM2w1YkdwSWNuZEtaSE5QWldNeFdFZHVUakF2UVhod1RqUjZabE5sTUhVNVkyTnVPRU5NWldSTVFWRnhRbmxpZDBocUNtSkZlR1p6Vm5saFIzaFhiRkpsU1RoT1UxQXlhVU5oVnpsRmNqQnZiVVZPVUVOUFQwY3lUbFE1VDBaUk9TdE5lbk5ZUVdSa01FSnZOamhuV1VwT2RWa0tNR295Vm5OdlYwOHdhekJPYmpWSk16aGFTVUpJYVU1d09FRTVPWGhQU3pOcEsyNXRiRnBtVTJ4NWQycE1iR0p0Y0VkblVrUm1PRFpvU0RremJuQXpRd3BSVmpaV1ExWXdRMWcxVDFZMFJFSmFkbEUwYTFGNVRVWllhV3Q0UVdkTlFrRkJSMnBYVkVKWVRVRTBSMEV4VldSRWQwVkNMM2RSUlVGM1NVTndSRUZRQ2tKblRsWklVazFDUVdZNFJVSlVRVVJCVVVndlRVSXdSMEV4VldSRVoxRlhRa0pVTjNOWlMxWkNXbTlFWmxBcmRVVjZUSHBMTWxaNFZ6SjFNbHBFUVZZS1FtZE9Wa2hTUlVWRWFrRk5aMmR3Y21SWFNteGpiVFZzWkVkV2VrMUJNRWREVTNGSFUwbGlNMFJSUlVKRGQxVkJRVFJKUWtGUlFscEdkMGhSYUhaVFZncEZaVXBNVGtwMFVsZzJVRGhYUVdrNFpreDVVRlZoTkZaTE5HaGtTbTk0TnpJemFFWlFSbWgyVGpaNVNqaG5ibUo1YW14dmFUQTRUbmhFYzFOUVdsQnJDbXBKTjJaVk1rTnBWM2hrVDFSa1FYWTRNemxCUTFKWlkwbHJkWFJLS3pSck5TOUVZV3AyTkRKYVZHOVZVRGh0VmxCaVZHaHBPVVpPVVc1eGNFdHlOaklLY0RaWldVNDFRbXhJTVdOUVJtczVkMFp0YURVMmR6ZDZUSFowYlVKRWF6ZGFlSGM1VlZkd01rRkVWVXByWkRsd1JIaFhVWGh2UlVsUGEzUkJSbTV5UlFwMVRXSldWVU5UUjJOblNsTkRZMlJ4ZDJad00xSjBaRVpzTmtWWGFURkZXalpwYWtaaGFubE9MMG8yVjFSSFFsb3hWa1FyYXpsaFpIaGpOMWxIYTNoM0NucEJRMEpuU2xWNGNqWnROamhTZFVoak1reGhkbXcwWkdjMGEyNTNSeTh3Wld4blYyMUJRVzEwYlVoSlQyVjFiSEZrUW1sM1UweHJjQzlxZDNaUGQyUUtSekZCTUZsMWFHTkNjWHBMQ2kwdExTMHRSVTVFSUVORlVsUkpSa2xEUVZSRkxTMHRMUzBLCiAgICBzZXJ2ZXI6IGh0dHBzOi8vODM5YmUzODMtNTlhMi00YmY4LTg5YjAtNTg4NmU3ZDdjYWFjLmZyLXBhci0xLmxpbm9kZWxrZS5uZXQ6NDQzCiAgbmFtZTogbGtlMTU2MzEyCgp1c2VyczoKLSBuYW1lOiBsa2UxNTYzMTItYWRtaW4KICB1c2VyOgogICAgYXMtdXNlci1leHRyYToge30KICAgIHRva2VuOiBleUpoYkdjaU9pSlNVekkxTmlJc0ltdHBaQ0k2SW1Sd2NYaGZWR0p4ZEdoek5USmtXbTVUTlhobFkwZDBWMko0TkZacFNIaG1ibEV6Tm5Wa1lXSk9SelFpZlEuZXlKcGMzTWlPaUpyZFdKbGNtNWxkR1Z6TDNObGNuWnBZMlZoWTJOdmRXNTBJaXdpYTNWaVpYSnVaWFJsY3k1cGJ5OXpaWEoyYVdObFlXTmpiM1Z1ZEM5dVlXMWxjM0JoWTJVaU9pSnJkV0psTFhONWMzUmxiU0lzSW10MVltVnlibVYwWlhNdWFXOHZjMlZ5ZG1salpXRmpZMjkxYm5RdmMyVmpjbVYwTG01aGJXVWlPaUpzYTJVdFlXUnRhVzR0ZEc5clpXNHROMnB5Tm13aUxDSnJkV0psY201bGRHVnpMbWx2TDNObGNuWnBZMlZoWTJOdmRXNTBMM05sY25acFkyVXRZV05qYjNWdWRDNXVZVzFsSWpvaWJHdGxMV0ZrYldsdUlpd2lhM1ZpWlhKdVpYUmxjeTVwYnk5elpYSjJhV05sWVdOamIzVnVkQzl6WlhKMmFXTmxMV0ZqWTI5MWJuUXVkV2xrSWpvaU9UVm1OalZqT0RVdFpUTTJOeTAwWldReUxUaGlOak10TlRoa056Z3hOVEEwTnpReklpd2ljM1ZpSWpvaWMzbHpkR1Z0T25ObGNuWnBZMlZoWTJOdmRXNTBPbXQxWW1VdGMzbHpkR1Z0T214clpTMWhaRzFwYmlKOS5IM1REemNrVTRNYURaSGRRR1dtRkI5SU5iRkRPaUFWelJjLVQ2SUR1V1E0YndiTGdwdzFlei1DVE5UcVUxcnQ3Q05PWUtzWlVuSVl2UHM0eTI3NmVaRlRMekxoRmJJX3Mtekw5ZGdQQmZ6NEN0ZjhkUWM4WW9WUWk5MjF6NVJiMTlpYmR2MElSN3lZMWZaUHRFOGp0dWxxaVIybGMwdV9uQUpKMEM4Y0doUFB5WUt2MnBrdG1JSHlCWUtzZEFqWVBUUUtIRzkzRXVxQi1Zc2N0Q2FWQjVla1hyT2ZrOVpkeFZkd2dDaDNSZjU5YW9zUGxLeWhaWWgtS180dGZZa3AyRlVlTDduRDV4ZnYtcGhGMXdiN0VkSERrU21MR19OUmFNRFI3cThlZVo0RW8xbmxhcXo0MHBRd0F5QXAtQTZ5bmJXYWlIVkZST2NfSF9seW5MUVlLOEEKCmNvbnRleHRzOgotIGNvbnRleHQ6CiAgICBjbHVzdGVyOiBsa2UxNTYzMTIKICAgIG5hbWVzcGFjZTogZGVmYXVsdAogICAgdXNlcjogbGtlMTU2MzEyLWFkbWluCiAgbmFtZTogbGtlMTU2MzEyLWN0eAoKY3VycmVudC1jb250ZXh0OiBsa2UxNTYzMTItY3R4Cg==",
            "label": "Pre_Production-test",
            "pool": [
              {
                "autoscaler": [],
                "count": 3,
                "id": 228817,
                "nodes": [
                  {
                    "id": "228817-1be236770000",
                    "instance_id": 54891826,
                    "status": "not_ready"
                  },
                  {
                    "id": "228817-1c3af9540000",
                    "instance_id": 54891824,
                    "status": "ready"
                  },
                  {
                    "id": "228817-3be625500000",
                    "instance_id": 54891823,
                    "status": "ready"
                  }
                ],
                "type": "g6-standard-1"
              }
            ],
            "region": "fr-par",
            "status": "ready",
            "tags": null,
            "timeouts": null
          },
          "sensitive_attributes": [],
          "private": "eyJlMmJmYjczMC1lY2FhLTExZTYtOGY4OC0zNDM2M2JjN2M0YzAiOnsiY3JlYXRlIjo5MDAwMDAwMDAwMDAsImRlbGV0ZSI6NjAwMDAwMDAwMDAwLCJ1cGRhdGUiOjE4MDAwMDAwMDAwMDB9fQ=="
        }
      ]
    },
    {
      "mode": "managed",
      "type": "local_file",
      "name": "ansible_host_file",
      "provider": "provider[\"registry.terraform.io/hashicorp/local\"]",
      "instances": [
        {
          "schema_version": 0,
          "attributes": {
            "content": "\r\n[Pre-Prod_database]\r\n172.232.34.80\r\n\r\n",
            "content_base64": null,
            "content_base64sha256": "vYT4BAO+4ht8RvaIcU7vG2wd2k3tElTKMbzSHU0maGQ=",
            "content_base64sha512": "uMjZgUvLTAZhyPZocwKj+/5j1tmwbcfME0sDRZboSDELWK3vACTOeJ08gZPWXEEJ1/N6E1SdxXGoZrfl2/QO0A==",
            "content_md5": "b3237e19966363aadec52b5f4eaf85a3",
            "content_sha1": "bae4a369eeb7e6d85fc9a8b3d54f6596024a72a4",
            "content_sha256": "bd84f80403bee21b7c46f688714eef1b6c1dda4ded1254ca31bcd21d4d266864",
            "content_sha512": "b8c8d9814bcb4c0661c8f6687302a3fbfe63d6d9b06dc7cc134b034596e848310b58adef0024ce789d3c8193d65c4109d7f37a13549dc571a866b7e5dbf40ed0",
            "directory_permission": "0777",
            "file_permission": "0777",
            "filename": "host",
            "id": "bae4a369eeb7e6d85fc9a8b3d54f6596024a72a4",
            "sensitive_content": null,
            "source": null
          },
          "sensitive_attributes": [],
          "dependencies": [
            "linode_instance.Pre-Prod_database"
          ]
        }
      ]
    },
    {
      "mode": "managed",
      "type": "local_file",
      "name": "kubeconfig",
      "provider": "provider[\"registry.terraform.io/hashicorp/local\"]",
      "instances": [
        {
          "schema_version": 0,
          "attributes": {
            "content": "\napiVersion: v1\nkind: Config\npreferences: {}\n\nclusters:\n- cluster:\n    certificate-authority-data: LS0tLS1CRUdJTiBDRVJUSUZJQ0FURS0tLS0tCk1JSURCVENDQWUyZ0F3SUJBZ0lJQ1NJUTBZbU9JT0V3RFFZSktvWklodmNOQVFFTEJRQXdGVEVUTUJFR0ExVUUKQXhNS2EzVmlaWEp1WlhSbGN6QWVGdzB5TkRBeU1UTXhOREV5TXpCYUZ3MHpOREF5TVRBeE5ERTNNekJhTUJVeApFekFSQmdOVkJBTVRDbXQxWW1WeWJtVjBaWE13Z2dFaU1BMEdDU3FHU0liM0RRRUJBUVVBQTRJQkR3QXdnZ0VLCkFvSUJBUUN4QVZGUnFzdlNUN2d3Nm1DRFlud2xYNW9ZOExOdy96aDgwRGhUR3FXTEJiWEh5QjFCZnF4YUxRK2kKbVlKbE0rcVlrREFJZWdYQTU2OUM0RWcrckp2UDdmS3lSdkk2K2QzdzExbkJpbVFTV1NaUnBnQ25HMnFmSyt0MgpiWnV0MWlsRTJQRkhrL3l5bGpIcndKZHNPZWMxWEduTjAvQXhwTjR6ZlNlMHU5Y2NuOENMZWRMQVFxQnlid0hqCmJFeGZzVnlhR3hXbFJlSThOU1AyaUNhVzlFcjBvbUVOUENPT0cyTlQ5T0ZROStNenNYQWRkMEJvNjhnWUpOdVkKMGoyVnNvV08wazBObjVJMzhaSUJIaU5wOEE5OXhPSzNpK25tbFpmU2x5d2pMbGJtcEdnUkRmODZoSDkzbnAzQwpRVjZWQ1YwQ1g1T1Y0REJadlE0a1F5TUZYaWt4QWdNQkFBR2pXVEJYTUE0R0ExVWREd0VCL3dRRUF3SUNwREFQCkJnTlZIUk1CQWY4RUJUQURBUUgvTUIwR0ExVWREZ1FXQkJUN3NZS1ZCWm9EZlArdUV6THpLMlZ4VzJ1MlpEQVYKQmdOVkhSRUVEakFNZ2dwcmRXSmxjbTVsZEdWek1BMEdDU3FHU0liM0RRRUJDd1VBQTRJQkFRQlpGd0hRaHZTVgpFZUpMTkp0Ulg2UDhXQWk4Zkx5UFVhNFZLNGhkSm94NzIzaEZQRmh2TjZ5SjhnbmJ5amxvaTA4TnhEc1NQWlBrCmpJN2ZVMkNpV3hkT1RkQXY4MzlBQ1JZY0lrdXRKKzRrNS9EYWp2NDJaVG9VUDhtVlBiVGhpOUZOUW5xcEtyNjIKcDZZWU41QmxIMWNQRms5d0ZtaDU2dzd6THZ0bUJEazdaeHc5VVdwMkFEVUprZDlwRHhXUXhvRUlPa3RBRm5yRQp1TWJWVUNTR2NnSlNDY2Rxd2ZwM1J0ZEZsNkVXaTFFWjZpakZhanlOL0o2V1RHQloxVkQrazlhZHhjN1lHa3h3CnpBQ0JnSlV4cjZtNjhSdUhjMkxhdmw0ZGc0a253Ry8wZWxnV21BQW10bUhJT2V1bHFkQml3U0xrcC9qd3ZPd2QKRzFBMFl1aGNCcXpLCi0tLS0tRU5EIENFUlRJRklDQVRFLS0tLS0K\n    server: https://839be383-59a2-4bf8-89b0-5886e7d7caac.fr-par-1.linodelke.net:443\n  name: lke156312\n\nusers:\n- name: lke156312-admin\n  user:\n    as-user-extra: {}\n    token: eyJhbGciOiJSUzI1NiIsImtpZCI6ImRwcXhfVGJxdGhzNTJkWm5TNXhlY0d0V2J4NFZpSHhmblEzNnVkYWJORzQifQ.eyJpc3MiOiJrdWJlcm5ldGVzL3NlcnZpY2VhY2NvdW50Iiwia3ViZXJuZXRlcy5pby9zZXJ2aWNlYWNjb3VudC9uYW1lc3BhY2UiOiJrdWJlLXN5c3RlbSIsImt1YmVybmV0ZXMuaW8vc2VydmljZWFjY291bnQvc2VjcmV0Lm5hbWUiOiJsa2UtYWRtaW4tdG9rZW4tN2pyNmwiLCJrdWJlcm5ldGVzLmlvL3NlcnZpY2VhY2NvdW50L3NlcnZpY2UtYWNjb3VudC5uYW1lIjoibGtlLWFkbWluIiwia3ViZXJuZXRlcy5pby9zZXJ2aWNlYWNjb3VudC9zZXJ2aWNlLWFjY291bnQudWlkIjoiOTVmNjVjODUtZTM2Ny00ZWQyLThiNjMtNThkNzgxNTA0NzQzIiwic3ViIjoic3lzdGVtOnNlcnZpY2VhY2NvdW50Omt1YmUtc3lzdGVtOmxrZS1hZG1pbiJ9.H3TDzckU4MaDZHdQGWmFB9INbFDOiAVzRc-T6IDuWQ4bwbLgpw1ez-CTNTqU1rt7CNOYKsZUnIYvPs4y276eZFTLzLhFbI_s-zL9dgPBfz4Ctf8dQc8YoVQi921z5Rb19ibdv0IR7yY1fZPtE8jtulqiR2lc0u_nAJJ0C8cGhPPyYKv2pktmIHyBYKsdAjYPTQKHG93EuqB-YsctCaVB5ekXrOfk9ZdxVdwgCh3Rf59aosPlKyhZYh-K_4tfYkp2FUeL7nD5xfv-phF1wb7EdHDkSmLG_NRaMDR7q8eeZ4Eo1nlaqz40pQwAyAp-A6ynbWaiHVFROc_H_lynLQYK8A\n\ncontexts:\n- context:\n    cluster: lke156312\n    namespace: default\n    user: lke156312-admin\n  name: lke156312-ctx\n\ncurrent-context: lke156312-ctx\n",
            "content_base64": null,
            "content_base64sha256": "oJW4y4D8dLK9azBSluybPI+61Zu+NBEzZfz9pFLhS9k=",
            "content_base64sha512": "4BEvwd7jeCY6aEbgQwNvJe8mx5TkbdLgLkdKsF2zA1YPxn2ymItjPfUFq4LSFJVrR2uzQFdY3R+KlFz7bggC3A==",
            "content_md5": "0b97e6e2b65253ff487ae3871fa4c966",
            "content_sha1": "0f1390ca8818858f4742918f463d4484eb847ae1",
            "content_sha256": "a095b8cb80fc74b2bd6b305296ec9b3c8fbad59bbe34113365fcfda452e14bd9",
            "content_sha512": "e0112fc1dee378263a6846e043036f25ef26c794e46dd2e02e474ab05db303560fc67db2988b633df505ab82d214956b476bb3405758dd1f8a945cfb6e0802dc",
            "directory_permission": "0777",
            "file_permission": "0777",
            "filename": "kube-config.yml",
            "id": "0f1390ca8818858f4742918f463d4484eb847ae1",
            "sensitive_content": null,
            "source": null
          },
          "sensitive_attributes": [
            [
              {
                "type": "get_attr",
                "value": "content"
              }
            ]
          ],
          "dependencies": [
            "linode_lke_cluster.lke_cluster"
          ]
        }
      ]
    },
    {
      "mode": "managed",
      "type": "local_file",
      "name": "kubernetes_dep-service_file",
      "provider": "provider[\"registry.terraform.io/hashicorp/local\"]",
      "instances": [
        {
          "schema_version": 0,
          "attributes": {
            "content": "apiVersion: v1\r\nkind: Service\r\nmetadata:\r\n  name: morningnews\r\nspec:\r\n  type: ClusterIP\r\n  ports:\r\n    - port: 80\r\n      targetPort: 3000\r\n  selector:\r\n    app: morningnews\r\n---\r\napiVersion: apps/v1\r\nkind: Deployment\r\nmetadata:\r\n  name: morningnews\r\nspec:\r\n  replicas: 3\r\n  selector:\r\n    matchLabels:\r\n      app: morningnews\r\n  template:\r\n    metadata:\r\n      labels:\r\n        app: morningnews\r\n    spec:\r\n      containers:\r\n        - name: morningnews\r\n          image: registry.gitlab.com/thedockerdwelers/morningnews:pre-prod\r\n          imagePullPolicy: Always\r\n          env:\r\n            - name: CONNECTION_STRING\r\n              value: \"mongodb://admin:admin@172.232.34.80:80/morningnews\"\r\n          ports:\r\n            - containerPort: 3000\r\n        imagePullSecrets:\r\n        - name: regcred\r\n",
            "content_base64": null,
            "content_base64sha256": "QohkGguvlYELzNQwiuuR033a5VHbGArEYrKFPX2heyo=",
            "content_base64sha512": "wKZCHifgXxJop95xpmpmHEmVGq84UMjSGyWsj8Mcgaw1sgSOGfnBwAMqUZK9xR8hVm6r1n//i6e37vRA/OX0ng==",
            "content_md5": "60dfe3b0514486cba73d8e55c1696dd6",
            "content_sha1": "101ce9008751a6ed07300dd2697d42bc9c5241d8",
            "content_sha256": "4288641a0baf95810bccd4308aeb91d37ddae551db180ac462b2853d7da17b2a",
            "content_sha512": "c0a6421e27e05f1268a7de71a66a661c49951aaf3850c8d21b25ac8fc31c81ac35b2048e19f9c1c0032a5192bdc51f21566eabd67fff8ba7b7eef440fce5f49e",
            "directory_permission": "0777",
            "file_permission": "0777",
            "filename": "morningnews-dep_service.yml",
            "id": "101ce9008751a6ed07300dd2697d42bc9c5241d8",
            "sensitive_content": null,
            "source": null
          },
          "sensitive_attributes": [],
          "dependencies": [
            "linode_instance.Pre-Prod_database"
          ]
        }
      ]
    }
  ],
  "check_results": null
}
