{
  "version": 4,
  "terraform_version": "1.7.3",
  "serial": 195,
  "lineage": "41fab3e5-67c5-2f0f-3087-b4b065e91e46",
  "outputs": {},
  "resources": [
    {
      "mode": "managed",
      "type": "linode_firewall",
      "name": "my_firewall",
      "provider": "provider[\"registry.terraform.io/linode/linode\"]",
      "instances": [
        {
          "schema_version": 0,
          "attributes": {
            "devices": [
              {
                "entity_id": 54884255,
                "id": 760460,
                "label": "Pre-Prod_database",
                "type": "linode",
                "url": "/v4/linode/instances/54884255"
              }
            ],
            "disabled": false,
            "id": "348258",
            "inbound": [
              {
                "action": "ACCEPT",
                "ipv4": [
                  "0.0.0.0/0"
                ],
                "ipv6": [
                  "::/0"
                ],
                "label": "allow-http",
                "ports": "80",
                "protocol": "TCP"
              },
              {
                "action": "ACCEPT",
                "ipv4": [
                  "0.0.0.0/0"
                ],
                "ipv6": [
                  "::/0"
                ],
                "label": "allow-https",
                "ports": "443",
                "protocol": "TCP"
              },
              {
                "action": "ACCEPT",
                "ipv4": [
                  "0.0.0.0/0"
                ],
                "ipv6": [
                  "::/0"
                ],
                "label": "allow-ssh",
                "ports": "22",
                "protocol": "TCP"
              }
            ],
            "inbound_policy": "DROP",
            "label": "pre-prod-firewall",
            "linodes": [
              54884255
            ],
            "outbound": [
              {
                "action": "ACCEPT",
                "ipv4": [
                  "0.0.0.0/0"
                ],
                "ipv6": [
                  "::/0"
                ],
                "label": "accept-http",
                "ports": "80",
                "protocol": "TCP"
              },
              {
                "action": "ACCEPT",
                "ipv4": [
                  "0.0.0.0/0"
                ],
                "ipv6": [
                  "::/0"
                ],
                "label": "accept-https",
                "ports": "443",
                "protocol": "TCP"
              },
              {
                "action": "ACCEPT",
                "ipv4": [
                  "0.0.0.0/0"
                ],
                "ipv6": [
                  "::/0"
                ],
                "label": "accept-ssh",
                "ports": "22",
                "protocol": "TCP"
              },
              {
                "action": "ACCEPT",
                "ipv4": [
                  "0.0.0.0/0"
                ],
                "ipv6": [
                  "::/0"
                ],
                "label": "accept-udp",
                "ports": "53",
                "protocol": "UDP"
              },
              {
                "action": "ACCEPT",
                "ipv4": [
                  "0.0.0.0/0"
                ],
                "ipv6": [
                  "::/0"
                ],
                "label": "accept-mongodb",
                "ports": "27017",
                "protocol": "TCP"
              }
            ],
            "outbound_policy": "DROP",
            "status": "enabled",
            "tags": null
          },
          "sensitive_attributes": [],
          "private": "bnVsbA==",
          "dependencies": [
            "linode_instance.Pre-Prod_database"
          ]
        }
      ]
    },
    {
      "mode": "managed",
      "type": "linode_instance",
      "name": "Pre-Prod_database",
      "provider": "provider[\"registry.terraform.io/linode/linode\"]",
      "instances": [
        {
          "schema_version": 0,
          "attributes": {
            "alerts": [
              {
                "cpu": 90,
                "io": 10000,
                "network_in": 10,
                "network_out": 10,
                "transfer_quota": 80
              }
            ],
            "authorized_keys": null,
            "authorized_users": [
              "ObadaHaddad"
            ],
            "backup_id": null,
            "backups": [
              {
                "enabled": false,
                "schedule": [
                  {
                    "day": "",
                    "window": ""
                  }
                ]
              }
            ],
            "backups_enabled": false,
            "boot_config_label": "My Debian 12 Disk Profile",
            "config": [
              {
                "comments": "",
                "devices": [
                  {
                    "sda": [
                      {
                        "disk_id": 108660252,
                        "disk_label": "Debian 12 Disk",
                        "volume_id": 0
                      }
                    ],
                    "sdb": [
                      {
                        "disk_id": 108660253,
                        "disk_label": "512 MB Swap Image",
                        "volume_id": 0
                      }
                    ],
                    "sdc": [],
                    "sdd": [],
                    "sde": [],
                    "sdf": [],
                    "sdg": [],
                    "sdh": []
                  }
                ],
                "helpers": [
                  {
                    "devtmpfs_automount": true,
                    "distro": true,
                    "modules_dep": true,
                    "network": true,
                    "updatedb_disabled": true
                  }
                ],
                "interface": [],
                "kernel": "linode/grub2",
                "label": "My Debian 12 Disk Profile",
                "memory_limit": 0,
                "root_device": "/dev/sda",
                "run_level": "default",
                "virt_mode": "paravirt"
              }
            ],
            "disk": [
              {
                "authorized_keys": [],
                "authorized_users": [],
                "filesystem": "ext4",
                "id": 108660252,
                "image": "",
                "label": "Debian 12 Disk",
                "read_only": false,
                "root_pass": "",
                "size": 25088,
                "stackscript_data": {},
                "stackscript_id": 0
              },
              {
                "authorized_keys": [],
                "authorized_users": [],
                "filesystem": "swap",
                "id": 108660253,
                "image": "",
                "label": "512 MB Swap Image",
                "read_only": false,
                "root_pass": "",
                "size": 512,
                "stackscript_data": {},
                "stackscript_id": 0
              }
            ],
            "group": "",
            "id": "54884255",
            "image": "linode/debian12",
            "interface": [],
            "ip_address": "172.232.55.78",
            "ipv4": [
              "172.232.55.78"
            ],
            "ipv6": "2600:3c07::f03c:94ff:fe86:9038/128",
            "label": "Pre-Prod_database",
            "private_ip": false,
            "private_ip_address": null,
            "region": "fr-par",
            "root_pass": "i9idGFzKg5IyLsMF0ASx4Ov8t/WGwp1V0CYoRe4W/giuCjtQSxgYun1tjVuu95iH2tYPBzj/Xsr378sKINcRCQ==",
            "specs": [
              {
                "disk": 25600,
                "memory": 1024,
                "transfer": 1000,
                "vcpus": 1
              }
            ],
            "stackscript_data": null,
            "stackscript_id": null,
            "status": "running",
            "swap_size": 512,
            "tags": null,
            "timeouts": null,
            "type": "g6-nanode-1",
            "watchdog_enabled": true
          },
          "sensitive_attributes": [],
          "private": "eyJlMmJmYjczMC1lY2FhLTExZTYtOGY4OC0zNDM2M2JjN2M0YzAiOnsiY3JlYXRlIjo2MDAwMDAwMDAwMDAsImRlbGV0ZSI6NjAwMDAwMDAwMDAwLCJ1cGRhdGUiOjEyMDAwMDAwMDAwMDB9fQ=="
        }
      ]
    },
    {
      "mode": "managed",
      "type": "linode_lke_cluster",
      "name": "lke_cluster",
      "provider": "provider[\"registry.terraform.io/linode/linode\"]",
      "instances": [
        {
          "schema_version": 0,
          "attributes": {
            "api_endpoints": [
              "https://20768338-5245-43d4-bdf6-1ca50ef43a97.fr-par-1.linodelke.net:443",
              "https://20768338-5245-43d4-bdf6-1ca50ef43a97.fr-par-1.linodelke.net:6443",
              "https://172.232.48.199:443",
              "https://172.232.48.199:6443"
            ],
            "control_plane": [
              {
                "high_availability": false
              }
            ],
            "id": "156273",
            "k8s_version": "1.28",
            "kubeconfig": "CmFwaVZlcnNpb246IHYxCmtpbmQ6IENvbmZpZwpwcmVmZXJlbmNlczoge30KCmNsdXN0ZXJzOgotIGNsdXN0ZXI6CiAgICBjZXJ0aWZpY2F0ZS1hdXRob3JpdHktZGF0YTogTFMwdExTMUNSVWRKVGlCRFJWSlVTVVpKUTBGVVJTMHRMUzB0Q2sxSlNVUkNWRU5EUVdVeVowRjNTVUpCWjBsSlVWRmlTMDl3WTFNMlVXOTNSRkZaU2t0dldrbG9kbU5PUVZGRlRFSlJRWGRHVkVWVVRVSkZSMEV4VlVVS1FYaE5TMkV6Vm1sYVdFcDFXbGhTYkdONlFXVkdkekI1VGtSQmVVMVVUWGRQVkVWNFRWUldZVVozTUhwT1JFRjVUVlJCZDA5VVJUSk5WRlpoVFVKVmVBcEZla0ZTUW1kT1ZrSkJUVlJEYlhReFdXMVdlV0p0VmpCYVdFMTNaMmRGYVUxQk1FZERVM0ZIVTBsaU0wUlJSVUpCVVZWQlFUUkpRa1IzUVhkblowVkxDa0Z2U1VKQlVVUkRLMVZhU1ZCT1UxQkVjMVpCVDJkWFEySldaV1J0WlRKbmQxTnJkMWt4VlVOVFVXWXhXVTFYYmtrd2NuQjVOV1ZZY0hNeVJ6SllVRmtLUmxBd2RuZzNjVkJHYW1sU2FIcHBiWE0wYzJKNVUwTkZja1V5VGtOa1ptbG5abmhKWTNoeldtTlhZbEJuWVZGaFpERk1NVGsxUlVoWE1WSkhjbXBoWWdwa1ducDRTWEJWYWtRMGFscHRLM0JwYkd4VlIzUlNiVXBwWTNreVFYWjJLMGxVUnpkbFVYSjBVakZFVTBVNVVHNHdTV1pPUWpoeGJVRXpiRTUxVERCUENteFNXakpCZWl0b1VWbE5RWEpUTkV0WE1FcEpSMjFOUmpoTVlYUnNRMVJIY0VaaFVVSkxRakpNUTNkaEswRmlZVE5GYUdwa2RuRk1hSFZwVmtkcWNVWUtVRFYzWTBaNlNHVjRjMEZOVEVkRWNFZHlhVzV6V1hSalpHUktVRWNyVG5sR2N6VlVNV2Q2Wkd3MmFVbGhZV051YTI1dVUwNHpXR1pPYlRkSk1sRTROUXBFYWxjMFlucE9XV2hFVXpKbVpuUnVWMDRyUkhabE1FRTVORWxPUVdkTlFrRkJSMnBYVkVKWVRVRTBSMEV4VldSRWQwVkNMM2RSUlVGM1NVTndSRUZRQ2tKblRsWklVazFDUVdZNFJVSlVRVVJCVVVndlRVSXdSMEV4VldSRVoxRlhRa0pUUmtkekwwSlRlSGhEVFhkdGFrRTRkMjVQZG5aUmNETkhja042UVZZS1FtZE9Wa2hTUlVWRWFrRk5aMmR3Y21SWFNteGpiVFZzWkVkV2VrMUJNRWREVTNGSFUwbGlNMFJSUlVKRGQxVkJRVFJKUWtGUlEwOXBRbU5hWWpSNlpRbzBNSFUzYmk5SlQwTnpiVFJ6VWxoME5qVnpVa3BPWjJwellYWktkVUpLVkhWdVVuRjFNRkpRYmt4b05IWlBOVVowV0VRdk5EUlBTV3hHTm14UVNtNDVDa2c1Y25sNFZVdEJVRkEyVDFoMFVqRTFkRTlqVVM5bFNFUXhXRE5wVUZsUlRWSlBZV3d5TjNSclowWndUazR5SzBSWGRYTldhSFZwTVU1TkwzRlhlWGNLUTBGTVZuTnFXamRvV0Rkb1VISXpiSGhKVjBwSVdsaFRUbUZ6T0dKamFYbEhaRkZqWkhCc05qZEhiVEJMYm5scWF6bEJUekoxZFZkdU1rNWlkV2hRU1FwT0wyVjNTamRqV1RSVWFVeDRhMHd4YzBWSE9GVkxOMVJKT0ZadE1DOXBZMlJHZUVaTlJURndNSGt5YzBSbmREQmtaaXR3ZW5OMlYwdEpSbVExUTNWQkNrc3ljMmR5WjFwV1lVSjFjRFJMZFhkaU1ETmlSRUU0ZEZSaFNXYzFNRTVpWjJ0b04yTkpjMnM0TkVwaFZVTlBWRWgzS3k5SlQwRnNlRUpXT0dGMVVqRUtUVEpwWjFSVWNtWlZZbTlSQ2kwdExTMHRSVTVFSUVORlVsUkpSa2xEUVZSRkxTMHRMUzBLCiAgICBzZXJ2ZXI6IGh0dHBzOi8vMjA3NjgzMzgtNTI0NS00M2Q0LWJkZjYtMWNhNTBlZjQzYTk3LmZyLXBhci0xLmxpbm9kZWxrZS5uZXQ6NDQzCiAgbmFtZTogbGtlMTU2MjczCgp1c2VyczoKLSBuYW1lOiBsa2UxNTYyNzMtYWRtaW4KICB1c2VyOgogICAgYXMtdXNlci1leHRyYToge30KICAgIHRva2VuOiBleUpoYkdjaU9pSlNVekkxTmlJc0ltdHBaQ0k2SW01a1MwMHRWRFZ3VHkxQ1JtNHdOWFJ5YVVGR1VsWkpkekZMVlZVM1duSTNPRzl4TFZoSVpYZDRMVFFpZlEuZXlKcGMzTWlPaUpyZFdKbGNtNWxkR1Z6TDNObGNuWnBZMlZoWTJOdmRXNTBJaXdpYTNWaVpYSnVaWFJsY3k1cGJ5OXpaWEoyYVdObFlXTmpiM1Z1ZEM5dVlXMWxjM0JoWTJVaU9pSnJkV0psTFhONWMzUmxiU0lzSW10MVltVnlibVYwWlhNdWFXOHZjMlZ5ZG1salpXRmpZMjkxYm5RdmMyVmpjbVYwTG01aGJXVWlPaUpzYTJVdFlXUnRhVzR0ZEc5clpXNHRkbVJ1Wm1NaUxDSnJkV0psY201bGRHVnpMbWx2TDNObGNuWnBZMlZoWTJOdmRXNTBMM05sY25acFkyVXRZV05qYjNWdWRDNXVZVzFsSWpvaWJHdGxMV0ZrYldsdUlpd2lhM1ZpWlhKdVpYUmxjeTVwYnk5elpYSjJhV05sWVdOamIzVnVkQzl6WlhKMmFXTmxMV0ZqWTI5MWJuUXVkV2xrSWpvaVl6RXpabVJrTjJRdFpUWTBPUzAwTXpabUxXRTRaalF0T0dObE1USmlZMkl6T1dJMklpd2ljM1ZpSWpvaWMzbHpkR1Z0T25ObGNuWnBZMlZoWTJOdmRXNTBPbXQxWW1VdGMzbHpkR1Z0T214clpTMWhaRzFwYmlKOS5JWnI3b0RFN3BVNVpqdDMyYV9UeHhTSlptZl9CV2ZObURSeFIxT1R4TS00VVdrM1FXMFBQbXBUTWtGb3NFNHQtbXpoZnZ0eUNCUEM5U2dUc0xVV05tWU84TWkxcUFTVGZvQVU1RVktNGRUczBOWjlreWNOd2FNc0gtTTlKMGc5ejd3a0ZDUWU2akpyYTY1VDNBcFlNcXZ1SU9DeDVpVTQ0XzlIbzdaZ2QyeUNiTEFrekh4VFU1d2ZtZC1BSlVSRVVKeGlYSmVPbDJ6QnBQOEt1M25mZTIwLWF3OGxnWU1hdUJINjNFOTRQa1VlRF9pSndZU095emJLZjJaWWM1V1owTDJUTVMyNWp6Tk9FSkY0WVByN3M1S0ROSzRzV0lvOVoyWmdqWGVya1BxYXpWeldldFBGVWphSmhWeHR5U0JjbDB2Sm5WMjhjYlRhQy1pbFlqSGtrSmcKCmNvbnRleHRzOgotIGNvbnRleHQ6CiAgICBjbHVzdGVyOiBsa2UxNTYyNzMKICAgIG5hbWVzcGFjZTogZGVmYXVsdAogICAgdXNlcjogbGtlMTU2MjczLWFkbWluCiAgbmFtZTogbGtlMTU2MjczLWN0eAoKY3VycmVudC1jb250ZXh0OiBsa2UxNTYyNzMtY3R4Cg==",
            "label": "Pre_Production-test",
            "pool": [
              {
                "autoscaler": [],
                "count": 3,
                "id": 228770,
                "nodes": [
                  {
                    "id": "228770-23d09f760000",
                    "instance_id": 54884280,
                    "status": "not_ready"
                  },
                  {
                    "id": "228770-26f7398c0000",
                    "instance_id": 54884281,
                    "status": "not_ready"
                  },
                  {
                    "id": "228770-48cbedcb0000",
                    "instance_id": 54884279,
                    "status": "not_ready"
                  }
                ],
                "type": "g6-standard-1"
              }
            ],
            "region": "fr-par",
            "status": "ready",
            "tags": null,
            "timeouts": null
          },
          "sensitive_attributes": [],
          "private": "eyJlMmJmYjczMC1lY2FhLTExZTYtOGY4OC0zNDM2M2JjN2M0YzAiOnsiY3JlYXRlIjo5MDAwMDAwMDAwMDAsImRlbGV0ZSI6NjAwMDAwMDAwMDAwLCJ1cGRhdGUiOjE4MDAwMDAwMDAwMDB9fQ=="
        }
      ]
    },
    {
      "mode": "managed",
      "type": "local_file",
      "name": "ansible_host_file",
      "provider": "provider[\"registry.terraform.io/hashicorp/local\"]",
      "instances": [
        {
          "schema_version": 0,
          "attributes": {
            "content": "\r\n[Pre-Prod_database]\r\n172.232.55.78\r\n\r\n",
            "content_base64": null,
            "content_base64sha256": "ezmlExaEcJj/VXTaSY868kRtaadCSr6EgdhsUcFyMb4=",
            "content_base64sha512": "v0yt8iptOPm+UbiSSm0vJ08paZ5mKK98MUxJGc+RxoD1GHRmWFha6mN8erJz9ukDrGC2vSQPpyXstFfgAMz6Ag==",
            "content_md5": "21e68a3a863c2072cc39a1bfa7f6dc87",
            "content_sha1": "3735e4f0ec84974c8e8ea3d7896df4b1b163810f",
            "content_sha256": "7b39a51316847098ff5574da498f3af2446d69a7424abe8481d86c51c17231be",
            "content_sha512": "bf4cadf22a6d38f9be51b8924a6d2f274f29699e6628af7c314c4919cf91c680f518746658585aea637c7ab273f6e903ac60b6bd240fa725ecb457e000ccfa02",
            "directory_permission": "0777",
            "file_permission": "0777",
            "filename": "host",
            "id": "3735e4f0ec84974c8e8ea3d7896df4b1b163810f",
            "sensitive_content": null,
            "source": null
          },
          "sensitive_attributes": [],
          "dependencies": [
            "linode_instance.Pre-Prod_database"
          ]
        }
      ]
    },
    {
      "mode": "managed",
      "type": "local_file",
      "name": "kubeconfig",
      "provider": "provider[\"registry.terraform.io/hashicorp/local\"]",
      "instances": [
        {
          "schema_version": 0,
          "attributes": {
            "content": "\napiVersion: v1\nkind: Config\npreferences: {}\n\nclusters:\n- cluster:\n    certificate-authority-data: LS0tLS1CRUdJTiBDRVJUSUZJQ0FURS0tLS0tCk1JSURCVENDQWUyZ0F3SUJBZ0lJUVFiS09wY1M2UW93RFFZSktvWklodmNOQVFFTEJRQXdGVEVUTUJFR0ExVUUKQXhNS2EzVmlaWEp1WlhSbGN6QWVGdzB5TkRBeU1UTXdPVEV4TVRWYUZ3MHpOREF5TVRBd09URTJNVFZhTUJVeApFekFSQmdOVkJBTVRDbXQxWW1WeWJtVjBaWE13Z2dFaU1BMEdDU3FHU0liM0RRRUJBUVVBQTRJQkR3QXdnZ0VLCkFvSUJBUURDK1VaSVBOU1BEc1ZBT2dXQ2JWZWRtZTJnd1Nrd1kxVUNTUWYxWU1XbkkwcnB5NWVYcHMyRzJYUFkKRlAwdng3cVBGamlSaHppbXM0c2J5U0NFckUyTkNkZmlnZnhJY3hzWmNXYlBnYVFhZDFMMTk1RUhXMVJHcmphYgpkWnp4SXBVakQ0alptK3BpbGxVR3RSbUppY3kyQXZ2K0lURzdlUXJ0UjFEU0U5UG4wSWZOQjhxbUEzbE51TDBPCmxSWjJBeitoUVlNQXJTNEtXMEpJR21NRjhMYXRsQ1RHcEZhUUJLQjJMQ3dhK0FiYTNFaGpkdnFMaHVpVkdqcUYKUDV3Y0Z6SGV4c0FNTEdEcEdyaW5zWXRjZGRKUEcrTnlGczVUMWd6ZGw2aUlhYWNua25uU04zWGZObTdJMlE4NQpEalc0YnpOWWhEUzJmZnRuV04rRHZlMEE5NElOQWdNQkFBR2pXVEJYTUE0R0ExVWREd0VCL3dRRUF3SUNwREFQCkJnTlZIUk1CQWY4RUJUQURBUUgvTUIwR0ExVWREZ1FXQkJTRkdzL0JTeHhDTXdtakE4d25PdnZRcDNHckN6QVYKQmdOVkhSRUVEakFNZ2dwcmRXSmxjbTVsZEdWek1BMEdDU3FHU0liM0RRRUJDd1VBQTRJQkFRQ09pQmNaYjR6ZQo0MHU3bi9JT0NzbTRzUlh0NjVzUkpOZ2pzYXZKdUJKVHVuUnF1MFJQbkxoNHZPNUZ0WEQvNDRPSWxGNmxQSm45Ckg5cnl4VUtBUFA2T1h0UjE1dE9jUS9lSEQxWDNpUFlRTVJPYWwyN3RrZ0ZwTk4yK0RXdXNWaHVpMU5NL3FXeXcKQ0FMVnNqWjdoWDdoUHIzbHhJV0pIWlhTTmFzOGJjaXlHZFFjZHBsNjdHbTBLbnlqazlBTzJ1dVduMk5idWhQSQpOL2V3SjdjWTRUaUx4a0wxc0VHOFVLN1RJOFZtMC9pY2RGeEZNRTFwMHkyc0RndDBkZitwenN2V0tJRmQ1Q3VBCksyc2dyZ1pWYUJ1cDRLdXdiMDNiREE4dFRhSWc1ME5iZ2toN2NJc2s4NEphVUNPVEh3Ky9JT0FseEJWOGF1UjEKTTJpZ1RUcmZVYm9RCi0tLS0tRU5EIENFUlRJRklDQVRFLS0tLS0K\n    server: https://20768338-5245-43d4-bdf6-1ca50ef43a97.fr-par-1.linodelke.net:443\n  name: lke156273\n\nusers:\n- name: lke156273-admin\n  user:\n    as-user-extra: {}\n    token: eyJhbGciOiJSUzI1NiIsImtpZCI6Im5kS00tVDVwTy1CRm4wNXRyaUFGUlZJdzFLVVU3WnI3OG9xLVhIZXd4LTQifQ.eyJpc3MiOiJrdWJlcm5ldGVzL3NlcnZpY2VhY2NvdW50Iiwia3ViZXJuZXRlcy5pby9zZXJ2aWNlYWNjb3VudC9uYW1lc3BhY2UiOiJrdWJlLXN5c3RlbSIsImt1YmVybmV0ZXMuaW8vc2VydmljZWFjY291bnQvc2VjcmV0Lm5hbWUiOiJsa2UtYWRtaW4tdG9rZW4tdmRuZmMiLCJrdWJlcm5ldGVzLmlvL3NlcnZpY2VhY2NvdW50L3NlcnZpY2UtYWNjb3VudC5uYW1lIjoibGtlLWFkbWluIiwia3ViZXJuZXRlcy5pby9zZXJ2aWNlYWNjb3VudC9zZXJ2aWNlLWFjY291bnQudWlkIjoiYzEzZmRkN2QtZTY0OS00MzZmLWE4ZjQtOGNlMTJiY2IzOWI2Iiwic3ViIjoic3lzdGVtOnNlcnZpY2VhY2NvdW50Omt1YmUtc3lzdGVtOmxrZS1hZG1pbiJ9.IZr7oDE7pU5Zjt32a_TxxSJZmf_BWfNmDRxR1OTxM-4UWk3QW0PPmpTMkFosE4t-mzhfvtyCBPC9SgTsLUWNmYO8Mi1qASTfoAU5EY-4dTs0NZ9kycNwaMsH-M9J0g9z7wkFCQe6jJra65T3ApYMqvuIOCx5iU44_9Ho7Zgd2yCbLAkzHxTU5wfmd-AJUREUJxiXJeOl2zBpP8Ku3nfe20-aw8lgYMauBH63E94PkUeD_iJwYSOyzbKf2ZYc5WZ0L2TMS25jzNOEJF4YPr7s5KDNK4sWIo9Z2ZgjXerkPqazVzWetPFUjaJhVxtySBcl0vJnV28cbTaC-ilYjHkkJg\n\ncontexts:\n- context:\n    cluster: lke156273\n    namespace: default\n    user: lke156273-admin\n  name: lke156273-ctx\n\ncurrent-context: lke156273-ctx\n",
            "content_base64": null,
            "content_base64sha256": "h6wIdxU6+EgdlWkNcsUVXnvTs8W9ELUT9d+DdQd39u4=",
            "content_base64sha512": "UkpQ/UOUgGb0OfprDnvDfg1/Mz7955RjQF9xLXwXUYhHvvMy+T7gGJpbt4vRrMYyjA9NZwBIqIZxV1vHZtJDmg==",
            "content_md5": "d42db3c4082d674650419191f850b14d",
            "content_sha1": "fb5843b92598733b4e91e4503100bbed02f63d91",
            "content_sha256": "87ac0877153af8481d95690d72c5155e7bd3b3c5bd10b513f5df83750777f6ee",
            "content_sha512": "524a50fd43948066f439fa6b0e7bc37e0d7f333efde79463405f712d7c17518847bef332f93ee0189a5bb78bd1acc6328c0f4d670048a88671575bc766d2439a",
            "directory_permission": "0777",
            "file_permission": "0777",
            "filename": "kube-config.yml",
            "id": "fb5843b92598733b4e91e4503100bbed02f63d91",
            "sensitive_content": null,
            "source": null
          },
          "sensitive_attributes": [
            [
              {
                "type": "get_attr",
                "value": "content"
              }
            ]
          ],
          "dependencies": [
            "linode_lke_cluster.lke_cluster"
          ]
        }
      ]
    },
    {
      "mode": "managed",
      "type": "local_file",
      "name": "kubernetes_dep-service_file",
      "provider": "provider[\"registry.terraform.io/hashicorp/local\"]",
      "instances": [
        {
          "schema_version": 0,
          "attributes": {
            "content": "apiVersion: v1\r\nkind: Service\r\nmetadata:\r\n  name: morningnews\r\nspec:\r\n  type: LoadBalancer\r\n  ports:\r\n    - port: 80\r\n      targetPort: 3000\r\n  selector:\r\n    app: morningnews\r\n---\r\napiVersion: apps/v1\r\nkind: Deployment\r\nmetadata:\r\n  name: morningnews\r\nspec:\r\n  replicas: 3\r\n  selector:\r\n    matchLabels:\r\n      app: morningnews\r\n  template:\r\n    metadata:\r\n      labels:\r\n        app: morningnews\r\n    spec:\r\n      containers:\r\n        - name: morningnews\r\n          image: obadahaddad/morningnews:pre-prod\r\n          imagePullPolicy: Always\r\n          env:\r\n            - name: CONNECTION_STRING\r\n              value: \"mongodb://admin:admin@172.232.55.78:80/morningnews\"\r\n          ports:\r\n            - containerPort: 3000\r\n",
            "content_base64": null,
            "content_base64sha256": "UxN3r/7G/qkpvaK2wL+RxxDPOZRH+MrYJyzIJQIXFqw=",
            "content_base64sha512": "bbZ39EPeBOF06ze+NgXwjVJAnBZKw2bVHJBruBjSZMCbBu/d2EBW5xTC5Wvkgd39vCt/vg6mDjC00Ob94d7+AQ==",
            "content_md5": "94f5e0dce6fd0d20c8c3a5b80252fbe4",
            "content_sha1": "84f9bd7190549ecc0c2017a48089ebc73d037ea4",
            "content_sha256": "531377affec6fea929bda2b6c0bf91c710cf399447f8cad8272cc825021716ac",
            "content_sha512": "6db677f443de04e174eb37be3605f08d52409c164ac366d51c906bb818d264c09b06efddd84056e714c2e56be481ddfdbc2b7fbe0ea60e30b4d0e6fde1defe01",
            "directory_permission": "0777",
            "file_permission": "0777",
            "filename": "morningnews-dep_service.yml",
            "id": "84f9bd7190549ecc0c2017a48089ebc73d037ea4",
            "sensitive_content": null,
            "source": null
          },
          "sensitive_attributes": [],
          "dependencies": [
            "linode_instance.Pre-Prod_database"
          ]
        }
      ]
    }
  ],
  "check_results": null
}
