{
  "version": 4,
  "terraform_version": "1.7.3",
  "serial": 242,
  "lineage": "41fab3e5-67c5-2f0f-3087-b4b065e91e46",
  "outputs": {},
  "resources": [
    {
      "mode": "managed",
      "type": "linode_firewall",
      "name": "my_firewall",
      "provider": "provider[\"registry.terraform.io/linode/linode\"]",
      "instances": [
        {
          "schema_version": 0,
          "attributes": {
            "devices": [],
            "disabled": false,
            "id": "349973",
            "inbound": [
              {
                "action": "ACCEPT",
                "ipv4": [
                  "0.0.0.0/0"
                ],
                "ipv6": [
                  "::/0"
                ],
                "label": "allow-http",
                "ports": "80",
                "protocol": "TCP"
              },
              {
                "action": "ACCEPT",
                "ipv4": [
                  "0.0.0.0/0"
                ],
                "ipv6": [
                  "::/0"
                ],
                "label": "allow-metric",
                "ports": "9216",
                "protocol": "TCP"
              },
              {
                "action": "ACCEPT",
                "ipv4": [
                  "0.0.0.0/0"
                ],
                "ipv6": [
                  "::/0"
                ],
                "label": "allow-https",
                "ports": "443",
                "protocol": "TCP"
              },
              {
                "action": "ACCEPT",
                "ipv4": [
                  "0.0.0.0/0"
                ],
                "ipv6": [
                  "::/0"
                ],
                "label": "allow-ssh",
                "ports": "22",
                "protocol": "TCP"
              }
            ],
            "inbound_policy": "DROP",
            "label": "pre-prod-firewall",
            "linodes": [
              54995565
            ],
            "outbound": [
              {
                "action": "ACCEPT",
                "ipv4": [
                  "0.0.0.0/0"
                ],
                "ipv6": [
                  "::/0"
                ],
                "label": "accept-http",
                "ports": "80",
                "protocol": "TCP"
              },
              {
                "action": "ACCEPT",
                "ipv4": [
                  "0.0.0.0/0"
                ],
                "ipv6": [
                  "::/0"
                ],
                "label": "accept-https",
                "ports": "443",
                "protocol": "TCP"
              },
              {
                "action": "ACCEPT",
                "ipv4": [
                  "0.0.0.0/0"
                ],
                "ipv6": [
                  "::/0"
                ],
                "label": "accept-ssh",
                "ports": "22",
                "protocol": "TCP"
              },
              {
                "action": "ACCEPT",
                "ipv4": [
                  "0.0.0.0/0"
                ],
                "ipv6": [
                  "::/0"
                ],
                "label": "accept-udp",
                "ports": "53",
                "protocol": "UDP"
              },
              {
                "action": "ACCEPT",
                "ipv4": [
                  "0.0.0.0/0"
                ],
                "ipv6": [
                  "::/0"
                ],
                "label": "accept-mongodb",
                "ports": "27017",
                "protocol": "TCP"
              }
            ],
            "outbound_policy": "DROP",
            "status": "enabled",
            "tags": []
          },
          "sensitive_attributes": [],
          "private": "bnVsbA==",
          "dependencies": [
            "linode_instance.Pre-Prod_database"
          ]
        }
      ]
    },
    {
      "mode": "managed",
      "type": "linode_instance",
      "name": "Pre-Prod_database",
      "provider": "provider[\"registry.terraform.io/linode/linode\"]",
      "instances": [
        {
          "schema_version": 0,
          "attributes": {
            "alerts": [
              {
                "cpu": 90,
                "io": 10000,
                "network_in": 10,
                "network_out": 10,
                "transfer_quota": 80
              }
            ],
            "authorized_keys": null,
            "authorized_users": [
              "ObadaHaddad"
            ],
            "backup_id": null,
            "backups": [
              {
                "enabled": false,
                "schedule": [
                  {
                    "day": "",
                    "window": ""
                  }
                ]
              }
            ],
            "backups_enabled": false,
            "boot_config_label": "My Debian 12 Disk Profile",
            "config": [
              {
                "comments": "",
                "devices": [
                  {
                    "sda": [
                      {
                        "disk_id": 108867593,
                        "disk_label": "Debian 12 Disk",
                        "volume_id": 0
                      }
                    ],
                    "sdb": [
                      {
                        "disk_id": 108867594,
                        "disk_label": "512 MB Swap Image",
                        "volume_id": 0
                      }
                    ],
                    "sdc": [],
                    "sdd": [],
                    "sde": [],
                    "sdf": [],
                    "sdg": [],
                    "sdh": []
                  }
                ],
                "helpers": [
                  {
                    "devtmpfs_automount": true,
                    "distro": true,
                    "modules_dep": true,
                    "network": true,
                    "updatedb_disabled": true
                  }
                ],
                "interface": [],
                "kernel": "linode/grub2",
                "label": "My Debian 12 Disk Profile",
                "memory_limit": 0,
                "root_device": "/dev/sda",
                "run_level": "default",
                "virt_mode": "paravirt"
              }
            ],
            "disk": [
              {
                "authorized_keys": [],
                "authorized_users": [],
                "filesystem": "ext4",
                "id": 108867593,
                "image": "",
                "label": "Debian 12 Disk",
                "read_only": false,
                "root_pass": "",
                "size": 25088,
                "stackscript_data": {},
                "stackscript_id": 0
              },
              {
                "authorized_keys": [],
                "authorized_users": [],
                "filesystem": "swap",
                "id": 108867594,
                "image": "",
                "label": "512 MB Swap Image",
                "read_only": false,
                "root_pass": "",
                "size": 512,
                "stackscript_data": {},
                "stackscript_id": 0
              }
            ],
            "group": "",
            "id": "54995565",
            "image": "linode/debian12",
            "interface": [],
            "ip_address": "172.234.57.17",
            "ipv4": [
              "172.234.57.17"
            ],
            "ipv6": "2600:3c07::f03c:94ff:fe1c:72e3/128",
            "label": "Pre-Prod_database",
            "private_ip": false,
            "private_ip_address": null,
            "region": "fr-par",
            "root_pass": "i9idGFzKg5IyLsMF0ASx4Ov8t/WGwp1V0CYoRe4W/giuCjtQSxgYun1tjVuu95iH2tYPBzj/Xsr378sKINcRCQ==",
            "specs": [
              {
                "disk": 25600,
                "memory": 1024,
                "transfer": 1000,
                "vcpus": 1
              }
            ],
            "stackscript_data": null,
            "stackscript_id": null,
            "status": "running",
            "swap_size": 512,
            "tags": null,
            "timeouts": null,
            "type": "g6-nanode-1",
            "watchdog_enabled": true
          },
          "sensitive_attributes": [],
          "private": "eyJlMmJmYjczMC1lY2FhLTExZTYtOGY4OC0zNDM2M2JjN2M0YzAiOnsiY3JlYXRlIjo2MDAwMDAwMDAwMDAsImRlbGV0ZSI6NjAwMDAwMDAwMDAwLCJ1cGRhdGUiOjEyMDAwMDAwMDAwMDB9fQ=="
        }
      ]
    },
    {
      "mode": "managed",
      "type": "linode_lke_cluster",
      "name": "lke_cluster",
      "provider": "provider[\"registry.terraform.io/linode/linode\"]",
      "instances": [
        {
          "schema_version": 0,
          "attributes": {
            "api_endpoints": [
              "https://1d34131f-fde5-4108-afc3-9bcf846d2daa.fr-par-1.linodelke.net:443",
              "https://1d34131f-fde5-4108-afc3-9bcf846d2daa.fr-par-1.linodelke.net:6443",
              "https://172.232.48.126:443",
              "https://172.232.48.126:6443"
            ],
            "control_plane": [
              {
                "high_availability": false
              }
            ],
            "id": "156480",
            "k8s_version": "1.28",
            "kubeconfig": "CmFwaVZlcnNpb246IHYxCmtpbmQ6IENvbmZpZwpwcmVmZXJlbmNlczoge30KCmNsdXN0ZXJzOgotIGNsdXN0ZXI6CiAgICBjZXJ0aWZpY2F0ZS1hdXRob3JpdHktZGF0YTogTFMwdExTMUNSVWRKVGlCRFJWSlVTVVpKUTBGVVJTMHRMUzB0Q2sxSlNVUkNWRU5EUVdVeVowRjNTVUpCWjBsSlIycFJUbkJITjBaTksydDNSRkZaU2t0dldrbG9kbU5PUVZGRlRFSlJRWGRHVkVWVVRVSkZSMEV4VlVVS1FYaE5TMkV6Vm1sYVdFcDFXbGhTYkdONlFXVkdkekI1VGtSQmVVMVVVWGRPZWxVMVRWUktZVVozTUhwT1JFRjVUVlJGZDA5RVFUQk5WRXBoVFVKVmVBcEZla0ZTUW1kT1ZrSkJUVlJEYlhReFdXMVdlV0p0VmpCYVdFMTNaMmRGYVUxQk1FZERVM0ZIVTBsaU0wUlJSVUpCVVZWQlFUUkpRa1IzUVhkblowVkxDa0Z2U1VKQlVVUklTME5aUVdJdk5HTm5iRGRQUlU1eEwydG5WV3RrYVRkT1lWWkNLMFpVYjFnM2NFdFpNbkUzVm1KMGNDOU5VVFJyTVV4SE9HOUZTR01LTm5CV2FGaHVSMDVQYUZaUFdXOXVaRkZoZVZKVlFtRTNNblVyY25acVZ6bFpUVGhxYTJGclJVbDZRMjFPY0RoRGVHaGpUM1EwY0VobkwzcExhRXd2YndwSFdIVXhSa1pzVFhsR1JIQXlTVU50VDNkMVluaHNOM2REWkd4WFRHVjNTVE4wS3paS05ubHVUSFZ0UTNoc2NFdzVPVEZ6YUdwc01GSmFNUzlJYm1kcUNrOWxaM1o2WjNwVlNHYzRPRk5xYjJGclIzVldRWE4yYzI5alZsZ3lPVGRhVjNFNGVHNXlXV2xoVG0xbFdHbGtTMFU0SzNnNGFtSjRUWGhSVW0xeVJsZ0tiaklyV1hNMVltcDFOSEpwYkhoWE5FZDRhMnMwZEZGamJYSnFaRUpYV0ZGMGFHOXliM1I1YkVaSFNVY3JVSGxEVTBoRk9XODViRUZaYVdFNGVERXZNUXBGYlZaYWFWZDNTbEpoTVdGQ2JFTlZVamxXWmxST1NVWXpTVTkyUVdkTlFrRkJSMnBYVkVKWVRVRTBSMEV4VldSRWQwVkNMM2RSUlVGM1NVTndSRUZRQ2tKblRsWklVazFDUVdZNFJVSlVRVVJCVVVndlRVSXdSMEV4VldSRVoxRlhRa0pSZVhOd2EybDFSV1ZxVGs1UVVYaDZTbVZtV1ZKMGJqRjFVWEI2UVZZS1FtZE9Wa2hTUlVWRWFrRk5aMmR3Y21SWFNteGpiVFZzWkVkV2VrMUJNRWREVTNGSFUwbGlNMFJSUlVKRGQxVkJRVFJKUWtGUlFtSXJhMHhzTkZKaldRcEtVV1JtVVUxTlIxUkxXbFJoWkdWNU1FRjBPRVExVFVremRtUnBUREJIT1c5bU1FcFZlV1ZtYUdNNWVHRTVURmw2Vm1RNVdFRTJTRVU0YlVjMFpWTlFDbUkzTmtaRGJtUXliR04yYVZFd1JFSXlSUzlFU0VKUksxUm9XbTVNUkZsaVVEQktWamxyWlhObmJpdHBiU3RLYlhvclNuWkpNM0J0UVc5M1owMUNVbmNLY2tadU4zRkZSRTlFU0RCRFUxcEhOM1J4U3pOelMxUkhlRnBJWjJaYWNqRm1aVFZqVTJ0WFYyZzNkRFZOVFZRNU9YVnlkMlZFUkRCRmJVSTBiazFHVmdwblNrWjJURU5sWW1kc2RpODJObGM1VHpWMFMxRnpkR3BRUkROSFdtWnZjVk0wTVc1eFRtNWFUMVJrYTNWbVpHUlBURFp3TldVeUx6SkJhMDQ0Ym1zMkNrUTFSbGh0YW5neWFYbFdibTFCUnpKWldtcHNjbVZXWmtwT1ZtOUpNbU5hYTB4aFNGSXpWV1ZNYzJOdldYaFhSVmg0ZFd0REwyeE1Va1poYzFsallUWUtZV3R1ZEhGNVNtNXliRWhTQ2kwdExTMHRSVTVFSUVORlVsUkpSa2xEUVZSRkxTMHRMUzBLCiAgICBzZXJ2ZXI6IGh0dHBzOi8vMWQzNDEzMWYtZmRlNS00MTA4LWFmYzMtOWJjZjg0NmQyZGFhLmZyLXBhci0xLmxpbm9kZWxrZS5uZXQ6NDQzCiAgbmFtZTogbGtlMTU2NDgwCgp1c2VyczoKLSBuYW1lOiBsa2UxNTY0ODAtYWRtaW4KICB1c2VyOgogICAgYXMtdXNlci1leHRyYToge30KICAgIHRva2VuOiBleUpoYkdjaU9pSlNVekkxTmlJc0ltdHBaQ0k2SWxkNVZrcG9TMjl4Ym1GblRVdDJXWFJrTjE5NWEzazNPRXMzTm1GT01HODJVMmRuVERKVVlURmpXbEVpZlEuZXlKcGMzTWlPaUpyZFdKbGNtNWxkR1Z6TDNObGNuWnBZMlZoWTJOdmRXNTBJaXdpYTNWaVpYSnVaWFJsY3k1cGJ5OXpaWEoyYVdObFlXTmpiM1Z1ZEM5dVlXMWxjM0JoWTJVaU9pSnJkV0psTFhONWMzUmxiU0lzSW10MVltVnlibVYwWlhNdWFXOHZjMlZ5ZG1salpXRmpZMjkxYm5RdmMyVmpjbVYwTG01aGJXVWlPaUpzYTJVdFlXUnRhVzR0ZEc5clpXNHRlbVp4Wm5RaUxDSnJkV0psY201bGRHVnpMbWx2TDNObGNuWnBZMlZoWTJOdmRXNTBMM05sY25acFkyVXRZV05qYjNWdWRDNXVZVzFsSWpvaWJHdGxMV0ZrYldsdUlpd2lhM1ZpWlhKdVpYUmxjeTVwYnk5elpYSjJhV05sWVdOamIzVnVkQzl6WlhKMmFXTmxMV0ZqWTI5MWJuUXVkV2xrSWpvaU16QmlaV0kwWmprdFpXRm1aUzAwTlRrMExXSXdNREV0TldVMU9UTXpOekEyWW1ObElpd2ljM1ZpSWpvaWMzbHpkR1Z0T25ObGNuWnBZMlZoWTJOdmRXNTBPbXQxWW1VdGMzbHpkR1Z0T214clpTMWhaRzFwYmlKOS5Cd05XU1NZM20xVXJvTlpQNTUydnlZWEQ5Z0JaUHJBV2tBQ09yTXdNZ3VpT194X21JaTBLU2NVQkxfc3ZYdXprMkQ2aXRDd1YyZ3h3aWNlZWtNclZlb3JZNGR4ZG44dGZRYTcya01HTTlIdjhtQTNBZE1RTk02T0s2MXAwNkh6dXBrTUNpTVlzbkdMRGhkb0s2MnBYYVQwNGNKTU15dHlFZGJHSjlrOXpLNmR3NHBxc2FXLXk3RXZJNHBzUkFUdVBnWEhDcXR0ekxRQjZLaTZ4bjNZeThNcDljOWVWWnVvTTlocjM1b0gyakJaM2p4ZGlCMmp4V0hSQmVrdHJwZV9sTmNOemtKaVFWRFZLcEhCcUtQanJDZ2NSZDVhVEFBRERYT0M2WWIwUFJnRXpxVnJONXFUT2RfV2tOTGhWMDVCRklpTmxVNXBaZFFJWWt2RjdvTE1yT0EKCmNvbnRleHRzOgotIGNvbnRleHQ6CiAgICBjbHVzdGVyOiBsa2UxNTY0ODAKICAgIG5hbWVzcGFjZTogZGVmYXVsdAogICAgdXNlcjogbGtlMTU2NDgwLWFkbWluCiAgbmFtZTogbGtlMTU2NDgwLWN0eAoKY3VycmVudC1jb250ZXh0OiBsa2UxNTY0ODAtY3R4Cg==",
            "label": "Pre_Production-test",
            "pool": [
              {
                "autoscaler": [],
                "count": 3,
                "id": 229028,
                "nodes": [
                  {
                    "id": "229028-0f6233950000",
                    "instance_id": 54913463,
                    "status": "ready"
                  },
                  {
                    "id": "229028-20d238440000",
                    "instance_id": 54913465,
                    "status": "ready"
                  },
                  {
                    "id": "229028-4a2fa23f0000",
                    "instance_id": 54913464,
                    "status": "ready"
                  }
                ],
                "type": "g6-standard-1"
              }
            ],
            "region": "fr-par",
            "status": "ready",
            "tags": [],
            "timeouts": null
          },
          "sensitive_attributes": [],
          "private": "eyJlMmJmYjczMC1lY2FhLTExZTYtOGY4OC0zNDM2M2JjN2M0YzAiOnsiY3JlYXRlIjo5MDAwMDAwMDAwMDAsImRlbGV0ZSI6NjAwMDAwMDAwMDAwLCJ1cGRhdGUiOjE4MDAwMDAwMDAwMDB9fQ=="
        }
      ]
    },
    {
      "mode": "managed",
      "type": "local_file",
      "name": "ansible_host_file",
      "provider": "provider[\"registry.terraform.io/hashicorp/local\"]",
      "instances": [
        {
          "schema_version": 0,
          "attributes": {
            "content": "\r\n[Pre-Prod_database]\r\n172.234.57.17\r\n\r\n",
            "content_base64": null,
            "content_base64sha256": "yR9XwnyhnJrQpaEnVoWW2KLQZriVPpaKvlGiSZP9qzo=",
            "content_base64sha512": "IDUraXiaXtCDWnL53SEGkE0fyGtaMj6CzXaH6BOHGuY04oxEPsa3nBBnUJ7MtK1ekidpSn4VvxweRWdegKBzIQ==",
            "content_md5": "2e88d8af2227eb6552fbbd77ba30add6",
            "content_sha1": "8698e5d91d293068b21d9e1ce204829e9379ef50",
            "content_sha256": "c91f57c27ca19c9ad0a5a127568596d8a2d066b8953e968abe51a24993fdab3a",
            "content_sha512": "20352b69789a5ed0835a72f9dd2106904d1fc86b5a323e82cd7687e813871ae634e28c443ec6b79c1067509eccb4ad5e9227694a7e15bf1c1e45675e80a07321",
            "directory_permission": "0777",
            "file_permission": "0777",
            "filename": "host",
            "id": "8698e5d91d293068b21d9e1ce204829e9379ef50",
            "sensitive_content": null,
            "source": null
          },
          "sensitive_attributes": [],
          "dependencies": [
            "linode_instance.Pre-Prod_database"
          ]
        }
      ]
    },
    {
      "mode": "managed",
      "type": "local_file",
      "name": "kubeconfig",
      "provider": "provider[\"registry.terraform.io/hashicorp/local\"]",
      "instances": [
        {
          "schema_version": 0,
          "attributes": {
            "content": "\napiVersion: v1\nkind: Config\npreferences: {}\n\nclusters:\n- cluster:\n    certificate-authority-data: LS0tLS1CRUdJTiBDRVJUSUZJQ0FURS0tLS0tCk1JSURCVENDQWUyZ0F3SUJBZ0lJR2pRTnBHN0ZNK2t3RFFZSktvWklodmNOQVFFTEJRQXdGVEVUTUJFR0ExVUUKQXhNS2EzVmlaWEp1WlhSbGN6QWVGdzB5TkRBeU1UUXdOelU1TVRKYUZ3MHpOREF5TVRFd09EQTBNVEphTUJVeApFekFSQmdOVkJBTVRDbXQxWW1WeWJtVjBaWE13Z2dFaU1BMEdDU3FHU0liM0RRRUJBUVVBQTRJQkR3QXdnZ0VLCkFvSUJBUURIS0NZQWIvNGNnbDdPRU5xL2tnVWtkaTdOYVZCK0ZUb1g3cEtZMnE3VmJ0cC9NUTRrMUxHOG9FSGMKNnBWaFhuR05PaFZPWW9uZFFheVJVQmE3MnUrcnZqVzlZTThqa2FrRUl6Q21OcDhDeGhjT3Q0cEhnL3pLaEwvbwpHWHUxRkZsTXlGRHAySUNtT3d1YnhsN3dDZGxXTGV3STN0KzZKNnluTHVtQ3hscEw5OTFzaGpsMFJaMS9IbmdqCk9lZ3Z6Z3pVSGc4OFNqb2FrR3VWQXN2c29jVlgyOTdaV3E4eG5yWWlhTm1lWGlkS0U4K3g4amJ4TXhRUm1yRlgKbjIrWXM1Ymp1NHJpbHhXNEd4a2s0dFFjbXJqZEJXWFF0aG9yb3R5bEZHSUcrUHlDU0hFOW85bEFZaWE4eDEvMQpFbVZaaVd3SlJhMWFCbENVUjlWZlROSUYzSU92QWdNQkFBR2pXVEJYTUE0R0ExVWREd0VCL3dRRUF3SUNwREFQCkJnTlZIUk1CQWY4RUJUQURBUUgvTUIwR0ExVWREZ1FXQkJReXNwa2l1RWVqTk5QUXh6SmVmWVJ0bjF1UXB6QVYKQmdOVkhSRUVEakFNZ2dwcmRXSmxjbTVsZEdWek1BMEdDU3FHU0liM0RRRUJDd1VBQTRJQkFRQmIra0xsNFJjWQpKUWRmUU1NR1RLWlRhZGV5MEF0OEQ1TUkzdmRpTDBHOW9mMEpVeWVmaGM5eGE5TFl6VmQ5WEE2SEU4bUc0ZVNQCmI3NkZDbmQybGN2aVEwREIyRS9ESEJRK1RoWm5MRFliUDBKVjlrZXNnbitpbStKbXorSnZJM3BtQW93Z01CUncKckZuN3FFRE9ESDBDU1pHN3RxSzNzS1RHeFpIZ2ZacjFmZTVjU2tXV2g3dDVNTVQ5OXVyd2VERDBFbUI0bk1GVgpnSkZ2TENlYmdsdi82Nlc5TzV0S1FzdGpQRDNHWmZvcVM0MW5xTm5aT1Rka3VmZGRPTDZwNWUyLzJBa044bms2CkQ1RlhtangyaXlWbm1BRzJZWmpscmVWZkpOVm9JMmNaa0xhSFIzVWVMc2NvWXhXRVh4dWtDL2xMUkZhc1ljYTYKYWtudHF5Sm5ybEhSCi0tLS0tRU5EIENFUlRJRklDQVRFLS0tLS0K\n    server: https://1d34131f-fde5-4108-afc3-9bcf846d2daa.fr-par-1.linodelke.net:443\n  name: lke156480\n\nusers:\n- name: lke156480-admin\n  user:\n    as-user-extra: {}\n    token: eyJhbGciOiJSUzI1NiIsImtpZCI6Ild5VkpoS29xbmFnTUt2WXRkN195a3k3OEs3NmFOMG82U2dnTDJUYTFjWlEifQ.eyJpc3MiOiJrdWJlcm5ldGVzL3NlcnZpY2VhY2NvdW50Iiwia3ViZXJuZXRlcy5pby9zZXJ2aWNlYWNjb3VudC9uYW1lc3BhY2UiOiJrdWJlLXN5c3RlbSIsImt1YmVybmV0ZXMuaW8vc2VydmljZWFjY291bnQvc2VjcmV0Lm5hbWUiOiJsa2UtYWRtaW4tdG9rZW4temZxZnQiLCJrdWJlcm5ldGVzLmlvL3NlcnZpY2VhY2NvdW50L3NlcnZpY2UtYWNjb3VudC5uYW1lIjoibGtlLWFkbWluIiwia3ViZXJuZXRlcy5pby9zZXJ2aWNlYWNjb3VudC9zZXJ2aWNlLWFjY291bnQudWlkIjoiMzBiZWI0ZjktZWFmZS00NTk0LWIwMDEtNWU1OTMzNzA2YmNlIiwic3ViIjoic3lzdGVtOnNlcnZpY2VhY2NvdW50Omt1YmUtc3lzdGVtOmxrZS1hZG1pbiJ9.BwNWSSY3m1UroNZP552vyYXD9gBZPrAWkACOrMwMguiO_x_mIi0KScUBL_svXuzk2D6itCwV2gxwiceekMrVeorY4dxdn8tfQa72kMGM9Hv8mA3AdMQNM6OK61p06HzupkMCiMYsnGLDhdoK62pXaT04cJMMytyEdbGJ9k9zK6dw4pqsaW-y7EvI4psRATuPgXHCqttzLQB6Ki6xn3Yy8Mp9c9eVZuoM9hr35oH2jBZ3jxdiB2jxWHRBektrpe_lNcNzkJiQVDVKpHBqKPjrCgcRd5aTAADDXOC6Yb0PRgEzqVrN5qTOd_WkNLhV05BFIiNlU5pZdQIYkvF7oLMrOA\n\ncontexts:\n- context:\n    cluster: lke156480\n    namespace: default\n    user: lke156480-admin\n  name: lke156480-ctx\n\ncurrent-context: lke156480-ctx\n",
            "content_base64": null,
            "content_base64sha256": "SWgHXjl2zUdDbM+nVLkr5shA2tqfZgOsSJEIJXXwvOE=",
            "content_base64sha512": "yzRmdCOgpbexNvRMLtjwPuEHsQFtC9iQXykinhZ6vYXUl2dKjI/YqbgGJ9to0FtiRwNlttezXunqpZnCqUA8bA==",
            "content_md5": "ffc16df494e0dc9622edc83a58ce76fa",
            "content_sha1": "012f79312949a02b9cca61ad9d3bdbd28dbf5b24",
            "content_sha256": "4968075e3976cd47436ccfa754b92be6c840dada9f6603ac4891082575f0bce1",
            "content_sha512": "cb34667423a0a5b7b136f44c2ed8f03ee107b1016d0bd8905f29229e167abd85d497674a8c8fd8a9b80627db68d05b62470365b6d7b35ee9eaa599c2a9403c6c",
            "directory_permission": "0777",
            "file_permission": "0777",
            "filename": "kube-config.yml",
            "id": "012f79312949a02b9cca61ad9d3bdbd28dbf5b24",
            "sensitive_content": null,
            "source": null
          },
          "sensitive_attributes": [
            [
              {
                "type": "get_attr",
                "value": "content"
              }
            ]
          ],
          "dependencies": [
            "linode_lke_cluster.lke_cluster"
          ]
        }
      ]
    },
    {
      "mode": "managed",
      "type": "local_file",
      "name": "kubernetes_dep-service_file",
      "provider": "provider[\"registry.terraform.io/hashicorp/local\"]",
      "instances": [
        {
          "schema_version": 0,
          "attributes": {
            "content": "apiVersion: v1\r\nkind: Service\r\nmetadata:\r\n  name: morningnews\r\nspec:\r\n  type: ClusterIP\r\n  ports:\r\n    - port: 80\r\n      targetPort: 3000\r\n  selector:\r\n    app: morningnews\r\n---\r\napiVersion: apps/v1\r\nkind: Deployment\r\nmetadata:\r\n  name: morningnews\r\nspec:\r\n  replicas: 3\r\n  selector:\r\n    matchLabels:\r\n      app: morningnews\r\n  template:\r\n    metadata:\r\n      labels:\r\n        app: morningnews\r\n    spec:\r\n      containers:\r\n        - name: morningnews\r\n          image: registry.gitlab.com/thedockerdwelers/morningnews:pre-prod\r\n          imagePullPolicy: Always\r\n          env:\r\n            - name: CONNECTION_STRING\r\n              value: \"mongodb://admin:admin@172.234.57.17:80/morningnews\"\r\n          ports:\r\n            - containerPort: 3000\r\n      imagePullSecrets:\r\n        - name: regcred\r\n",
            "content_base64": null,
            "content_base64sha256": "WjDGbi89l0B6YD4R43i0mfECatzCHtipOLB5bg4TsRA=",
            "content_base64sha512": "sKf+TRDInadT7PNmkKR3dkii1X17GcPCEDTBudCfT4NClLkoEcvY7VK7OR101rRYlWJ9l45T6Z4R5nkMnW4GNA==",
            "content_md5": "a298abbe0b40798dc18b798de268301f",
            "content_sha1": "712d79cdd7437e90f4af4860421b1728aa08db35",
            "content_sha256": "5a30c66e2f3d97407a603e11e378b499f1026adcc21ed8a938b0796e0e13b110",
            "content_sha512": "b0a7fe4d10c89da753ecf36690a4777648a2d57d7b19c3c21034c1b9d09f4f834294b92811cbd8ed52bb391d74d6b45895627d978e53e99e11e6790c9d6e0634",
            "directory_permission": "0777",
            "file_permission": "0777",
            "filename": "morningnews-dep_service.yml",
            "id": "712d79cdd7437e90f4af4860421b1728aa08db35",
            "sensitive_content": null,
            "source": null
          },
          "sensitive_attributes": [],
          "dependencies": [
            "linode_instance.Pre-Prod_database"
          ]
        }
      ]
    }
  ],
  "check_results": null
}
