{
  "version": 4,
  "terraform_version": "1.7.2",
  "serial": 9,
  "lineage": "41fab3e5-67c5-2f0f-3087-b4b065e91e46",
  "outputs": {},
  "resources": [
    {
      "mode": "managed",
      "type": "linode_instance",
      "name": "Pre-Prod_database",
      "provider": "provider[\"registry.terraform.io/linode/linode\"]",
      "instances": [
        {
          "schema_version": 0,
          "attributes": {
            "alerts": [
              {
                "cpu": 90,
                "io": 10000,
                "network_in": 10,
                "network_out": 10,
                "transfer_quota": 80
              }
            ],
            "authorized_keys": null,
            "authorized_users": [
              "ObadaHaddad"
            ],
            "backup_id": null,
            "backups": [
              {
                "enabled": false,
                "schedule": [
                  {
                    "day": "",
                    "window": ""
                  }
                ]
              }
            ],
            "backups_enabled": false,
            "boot_config_label": "My Debian 12 Disk Profile",
            "config": [
              {
                "comments": "",
                "devices": [
                  {
                    "sda": [
                      {
                        "disk_id": 108334005,
                        "disk_label": "Debian 12 Disk",
                        "volume_id": 0
                      }
                    ],
                    "sdb": [
                      {
                        "disk_id": 108334006,
                        "disk_label": "512 MB Swap Image",
                        "volume_id": 0
                      }
                    ],
                    "sdc": [],
                    "sdd": [],
                    "sde": [],
                    "sdf": [],
                    "sdg": [],
                    "sdh": []
                  }
                ],
                "helpers": [
                  {
                    "devtmpfs_automount": true,
                    "distro": true,
                    "modules_dep": true,
                    "network": true,
                    "updatedb_disabled": true
                  }
                ],
                "interface": [],
                "kernel": "linode/grub2",
                "label": "My Debian 12 Disk Profile",
                "memory_limit": 0,
                "root_device": "/dev/sda",
                "run_level": "default",
                "virt_mode": "paravirt"
              }
            ],
            "disk": [
              {
                "authorized_keys": [],
                "authorized_users": [],
                "filesystem": "ext4",
                "id": 108334005,
                "image": "",
                "label": "Debian 12 Disk",
                "read_only": false,
                "root_pass": "",
                "size": 25088,
                "stackscript_data": {},
                "stackscript_id": 0
              },
              {
                "authorized_keys": [],
                "authorized_users": [],
                "filesystem": "swap",
                "id": 108334006,
                "image": "",
                "label": "512 MB Swap Image",
                "read_only": false,
                "root_pass": "",
                "size": 512,
                "stackscript_data": {},
                "stackscript_id": 0
              }
            ],
            "group": "",
            "id": "54710441",
            "image": "linode/debian12",
            "interface": [],
            "ip_address": "139.162.142.144",
            "ipv4": [
              "139.162.142.144"
            ],
            "ipv6": "2a01:7e01::f03c:94ff:feeb:411f/128",
            "label": "Pre-Prod_database",
            "private_ip": false,
            "private_ip_address": null,
            "region": "eu-central",
            "root_pass": "i9idGFzKg5IyLsMF0ASx4Ov8t/WGwp1V0CYoRe4W/giuCjtQSxgYun1tjVuu95iH2tYPBzj/Xsr378sKINcRCQ==",
            "specs": [
              {
                "disk": 25600,
                "memory": 1024,
                "transfer": 1000,
                "vcpus": 1
              }
            ],
            "stackscript_data": null,
            "stackscript_id": null,
            "status": "running",
            "swap_size": 512,
            "tags": null,
            "timeouts": null,
            "type": "g6-nanode-1",
            "watchdog_enabled": true
          },
          "sensitive_attributes": [],
          "private": "eyJlMmJmYjczMC1lY2FhLTExZTYtOGY4OC0zNDM2M2JjN2M0YzAiOnsiY3JlYXRlIjo2MDAwMDAwMDAwMDAsImRlbGV0ZSI6NjAwMDAwMDAwMDAwLCJ1cGRhdGUiOjEyMDAwMDAwMDAwMDB9fQ=="
        }
      ]
    },
    {
      "mode": "managed",
      "type": "local_file",
      "name": "file",
      "provider": "provider[\"registry.terraform.io/hashicorp/local\"]",
      "instances": [
        {
          "schema_version": 0,
          "attributes": {
            "content": "\r\n[Pre-Prod_database]\r\n139.162.142.144\r\n\r\n",
            "content_base64": null,
            "content_base64sha256": "5hTAb8qf6mhZa0YWzZt/J1EQEYlcm3WjKMWceC4pIhI=",
            "content_base64sha512": "DNHIJfVEVE+7bfvnaAFh6gmsrc/tzPdPIImf2fAEaoOZIOajlW9Ap870rBiVIHqH8hm0P2yLvot+TnbgdFqopg==",
            "content_md5": "280210f76c0a913dda2965dd2153b905",
            "content_sha1": "6781c157d2b1297d5e5b755f4ed862fada191754",
            "content_sha256": "e614c06fca9fea68596b4616cd9b7f27511011895c9b75a328c59c782e292212",
            "content_sha512": "0cd1c825f544544fbb6dfbe7680161ea09acadcfedccf74f20899fd9f0046a839920e6a3956f40a7cef4ac1895207a87f219b43f6c8bbe8b7e4e76e0745aa8a6",
            "directory_permission": "0777",
            "file_permission": "0777",
            "filename": "host",
            "id": "6781c157d2b1297d5e5b755f4ed862fada191754",
            "sensitive_content": null,
            "source": null
          },
          "sensitive_attributes": [],
          "dependencies": [
            "linode_instance.Pre-Prod_database"
          ]
        }
      ]
    }
  ],
  "check_results": null
}
